# @generated - this file is auto-generated by `mise lock` https://mise.jdx.dev/dev-tools/mise-lock.html

[[tools.checkmake]]
version = "0.3.2"
backend = "aqua:mrtazz/checkmake"

[tools.checkmake."platforms.linux-arm64"]
checksum = "sha256:409167c4abb99407bd232c3bbd351b8a39df57997feafde5a08bddffb0f2dcb4"
url = "https://github.com/checkmake/checkmake/releases/download/v0.3.2/checkmake-v0.3.2.linux.arm64"

[tools.checkmake."platforms.linux-arm64-musl"]
checksum = "sha256:409167c4abb99407bd232c3bbd351b8a39df57997feafde5a08bddffb0f2dcb4"
url = "https://github.com/checkmake/checkmake/releases/download/v0.3.2/checkmake-v0.3.2.linux.arm64"

[tools.checkmake."platforms.linux-x64"]
checksum = "sha256:e2effb876913f3ee2caef0ba35f6202c5e8a3cd55a077d8d2b9ce2034257b6af"
url = "https://github.com/checkmake/checkmake/releases/download/v0.3.2/checkmake-v0.3.2.linux.amd64"

[tools.checkmake."platforms.linux-x64-musl"]
checksum = "sha256:e2effb876913f3ee2caef0ba35f6202c5e8a3cd55a077d8d2b9ce2034257b6af"
url = "https://github.com/checkmake/checkmake/releases/download/v0.3.2/checkmake-v0.3.2.linux.amd64"

[tools.checkmake."platforms.macos-arm64"]
checksum = "sha256:d5dab7169d1cb246b380ed5e7fc1e6aded301d453db258f858e774422d25961f"
url = "https://github.com/checkmake/checkmake/releases/download/v0.3.2/checkmake-v0.3.2.darwin.arm64"

[tools.checkmake."platforms.macos-x64"]
checksum = "sha256:82942043a4766b9fb3ffe6c77584df7d6c832bfa00571f234d257799f492fdd7"
url = "https://github.com/checkmake/checkmake/releases/download/v0.3.2/checkmake-v0.3.2.darwin.amd64"

[tools.checkmake."platforms.windows-x64"]
checksum = "sha256:6adf4bde2dbfe8001ecf2918abfe02f7a57191568f1d185537eccd9c59625dca"
url = "https://github.com/checkmake/checkmake/releases/download/v0.3.2/checkmake-v0.3.2.windows.amd64.exe"

[[tools.editorconfig-checker]]
version = "3.6.1"
backend = "aqua:editorconfig-checker/editorconfig-checker"

[tools.editorconfig-checker."platforms.linux-arm64"]
checksum = "sha256:a471181b0741982afa4f3dbc1e433b6caa0c5e6daad580572841884fd9957220"
url = "https://github.com/editorconfig-checker/editorconfig-checker/releases/download/v3.6.1/ec-linux-arm64.tar.gz"

[tools.editorconfig-checker."platforms.linux-arm64-musl"]
checksum = "sha256:a471181b0741982afa4f3dbc1e433b6caa0c5e6daad580572841884fd9957220"
url = "https://github.com/editorconfig-checker/editorconfig-checker/releases/download/v3.6.1/ec-linux-arm64.tar.gz"

[tools.editorconfig-checker."platforms.linux-x64"]
checksum = "sha256:cd32084fce5f3d49ba49697f362ac3a114989715c98819303247dd54c1f368b0"
url = "https://github.com/editorconfig-checker/editorconfig-checker/releases/download/v3.6.1/ec-linux-amd64.tar.gz"

[tools.editorconfig-checker."platforms.linux-x64-musl"]
checksum = "sha256:cd32084fce5f3d49ba49697f362ac3a114989715c98819303247dd54c1f368b0"
url = "https://github.com/editorconfig-checker/editorconfig-checker/releases/download/v3.6.1/ec-linux-amd64.tar.gz"

[tools.editorconfig-checker."platforms.macos-arm64"]
checksum = "sha256:64f6006e4ae880ef140ac175f30b5b4cab72fa92b3708d9104006441fb7ed723"
url = "https://github.com/editorconfig-checker/editorconfig-checker/releases/download/v3.6.1/ec-darwin-arm64.tar.gz"

[tools.editorconfig-checker."platforms.macos-x64"]
checksum = "sha256:6d7882e2f8a0884953f6bb8782b482ce8a6dd4ab2f25086a57046ef937f7625d"
url = "https://github.com/editorconfig-checker/editorconfig-checker/releases/download/v3.6.1/ec-darwin-amd64.tar.gz"

[tools.editorconfig-checker."platforms.windows-x64"]
checksum = "sha256:cdd3899ebd60277b10e188c78915ea098a10a1a441a04e3ed2a5a99eb968a838"
url = "https://github.com/editorconfig-checker/editorconfig-checker/releases/download/v3.6.1/ec-windows-amd64.zip"

[[tools."github:cli/cli"]]
version = "2.88.1"
backend = "github:cli/cli"

[tools."github:cli/cli"."platforms.linux-arm64"]
checksum = "sha256:039ce25aab0cfa0ea5160e3db75ed44699bde4b20ff63ec5991f82201f1b33b8"
url = "https://github.com/cli/cli/releases/download/v2.88.1/gh_2.88.1_linux_arm64.tar.gz"
url_api = "https://api.github.com/repos/cli/cli/releases/assets/372317913"
provenance = "github-attestations"

[tools."github:cli/cli"."platforms.linux-arm64-musl"]
checksum = "sha256:039ce25aab0cfa0ea5160e3db75ed44699bde4b20ff63ec5991f82201f1b33b8"
url = "https://github.com/cli/cli/releases/download/v2.88.1/gh_2.88.1_linux_arm64.tar.gz"
url_api = "https://api.github.com/repos/cli/cli/releases/assets/372317913"
provenance = "github-attestations"

[tools."github:cli/cli"."platforms.linux-x64"]
checksum = "sha256:36352a993b97e9758793cdb87f9ba674bd6d88c914488e122be78a1962203803"
url = "https://github.com/cli/cli/releases/download/v2.88.1/gh_2.88.1_linux_amd64.tar.gz"
url_api = "https://api.github.com/repos/cli/cli/releases/assets/372317909"
provenance = "github-attestations"

[tools."github:cli/cli"."platforms.linux-x64-musl"]
checksum = "sha256:36352a993b97e9758793cdb87f9ba674bd6d88c914488e122be78a1962203803"
url = "https://github.com/cli/cli/releases/download/v2.88.1/gh_2.88.1_linux_amd64.tar.gz"
url_api = "https://api.github.com/repos/cli/cli/releases/assets/372317909"
provenance = "github-attestations"

[tools."github:cli/cli"."platforms.macos-arm64"]
checksum = "sha256:bdbeed4821d450ef0d14821d856c05b308ab449fbf60527f298d96fbf5d2447b"
url = "https://github.com/cli/cli/releases/download/v2.88.1/gh_2.88.1_macOS_arm64.zip"
url_api = "https://api.github.com/repos/cli/cli/releases/assets/372317935"
provenance = "github-attestations"

[tools."github:cli/cli"."platforms.macos-x64"]
checksum = "sha256:ff0fc4bdb9699f0c02e5bcdcbd09d0f8e4c4659aa5d30bcd39a3557ed7379b2e"
url = "https://github.com/cli/cli/releases/download/v2.88.1/gh_2.88.1_macOS_amd64.zip"
url_api = "https://api.github.com/repos/cli/cli/releases/assets/372317933"
provenance = "github-attestations"

[tools."github:cli/cli"."platforms.windows-x64"]
checksum = "sha256:8fdaac525d8919f9f8c265f99ffa26189e5f1fd3a35636adad4fd890a141a555"
url = "https://github.com/cli/cli/releases/download/v2.88.1/gh_2.88.1_windows_amd64.zip"
url_api = "https://api.github.com/repos/cli/cli/releases/assets/372317959"
provenance = "github-attestations"

[[tools."github:cli/cli"]]
version = "2.89.0"
backend = "github:cli/cli"

[tools."github:cli/cli"."platforms.linux-arm64"]
checksum = "sha256:9e64a623dfc242990aa5d9b3f507111149c4282f66b68eaad1dc79eeb13b9ce5"
url = "https://github.com/cli/cli/releases/download/v2.89.0/gh_2.89.0_linux_arm64.tar.gz"
url_api = "https://api.github.com/repos/cli/cli/releases/assets/382152834"
provenance = "github-attestations"

[tools."github:cli/cli"."platforms.linux-arm64-musl"]
checksum = "sha256:9e64a623dfc242990aa5d9b3f507111149c4282f66b68eaad1dc79eeb13b9ce5"
url = "https://github.com/cli/cli/releases/download/v2.89.0/gh_2.89.0_linux_arm64.tar.gz"
url_api = "https://api.github.com/repos/cli/cli/releases/assets/382152834"
provenance = "github-attestations"

[tools."github:cli/cli"."platforms.linux-x64"]
checksum = "sha256:d0422caade520530e76c1c558da47daebaa8e1203d6b7ff10ad7d6faba3490d8"
url = "https://github.com/cli/cli/releases/download/v2.89.0/gh_2.89.0_linux_amd64.tar.gz"
url_api = "https://api.github.com/repos/cli/cli/releases/assets/382152824"
provenance = "github-attestations"

[tools."github:cli/cli"."platforms.linux-x64-musl"]
checksum = "sha256:d0422caade520530e76c1c558da47daebaa8e1203d6b7ff10ad7d6faba3490d8"
url = "https://github.com/cli/cli/releases/download/v2.89.0/gh_2.89.0_linux_amd64.tar.gz"
url_api = "https://api.github.com/repos/cli/cli/releases/assets/382152824"
provenance = "github-attestations"

[tools."github:cli/cli"."platforms.macos-arm64"]
checksum = "sha256:2423d02ec0a2094898c378703a1b28a5846c08700f87461363857cb8cb3fda94"
url = "https://github.com/cli/cli/releases/download/v2.89.0/gh_2.89.0_macOS_arm64.zip"
url_api = "https://api.github.com/repos/cli/cli/releases/assets/382152851"
provenance = "github-attestations"

[tools."github:cli/cli"."platforms.macos-x64"]
checksum = "sha256:862e21cac6a71f81e7cd6e5127e3cd344f8537441ad2db94cd208319dd17b6e9"
url = "https://github.com/cli/cli/releases/download/v2.89.0/gh_2.89.0_macOS_amd64.zip"
url_api = "https://api.github.com/repos/cli/cli/releases/assets/382152850"
provenance = "github-attestations"

[tools."github:cli/cli"."platforms.windows-x64"]
checksum = "sha256:f3326f6406c98c99701b257d77e2b040eedf83d0176c2c2e9809aa339ceb467e"
url = "https://github.com/cli/cli/releases/download/v2.89.0/gh_2.89.0_windows_amd64.zip"
url_api = "https://api.github.com/repos/cli/cli/releases/assets/382152866"
provenance = "github-attestations"

[[tools."github:google/osv-scanner"]]
version = "2.3.5"
backend = "github:google/osv-scanner"

[tools."github:google/osv-scanner"."platforms.linux-arm64"]
checksum = "sha256:fa46ad2b3954db5d5335303d45de921613393285d9a93c140b63b40e35e9ce50"
url = "https://github.com/google/osv-scanner/releases/download/v2.3.5/osv-scanner_linux_arm64"
url_api = "https://api.github.com/repos/google/osv-scanner/releases/assets/380248755"
provenance = "slsa"

[tools."github:google/osv-scanner"."platforms.linux-arm64-musl"]
checksum = "sha256:fa46ad2b3954db5d5335303d45de921613393285d9a93c140b63b40e35e9ce50"
url = "https://github.com/google/osv-scanner/releases/download/v2.3.5/osv-scanner_linux_arm64"
url_api = "https://api.github.com/repos/google/osv-scanner/releases/assets/380248755"
provenance = "slsa"

[tools."github:google/osv-scanner"."platforms.linux-x64"]
checksum = "sha256:bb30c580afe5e757d3e959f4afd08a4795ea505ef84c46962b9a738aa573b41b"
url = "https://github.com/google/osv-scanner/releases/download/v2.3.5/osv-scanner_linux_amd64"
url_api = "https://api.github.com/repos/google/osv-scanner/releases/assets/380248788"
provenance = "slsa"

[tools."github:google/osv-scanner"."platforms.linux-x64-musl"]
checksum = "sha256:bb30c580afe5e757d3e959f4afd08a4795ea505ef84c46962b9a738aa573b41b"
url = "https://github.com/google/osv-scanner/releases/download/v2.3.5/osv-scanner_linux_amd64"
url_api = "https://api.github.com/repos/google/osv-scanner/releases/assets/380248788"
provenance = "slsa"

[tools."github:google/osv-scanner"."platforms.macos-arm64"]
checksum = "sha256:b740efe0b08fb817865e818a498997d5f042f14b8eeafb6393176ce84dd09cf6"
url = "https://github.com/google/osv-scanner/releases/download/v2.3.5/osv-scanner_darwin_arm64"
url_api = "https://api.github.com/repos/google/osv-scanner/releases/assets/380248752"
provenance = "slsa"

[tools."github:google/osv-scanner"."platforms.macos-x64"]
checksum = "sha256:3b1c72d59dcbad99fa4eb2c72bf2e82017f83e0268340e4b00af76a1fea32c85"
url = "https://github.com/google/osv-scanner/releases/download/v2.3.5/osv-scanner_darwin_amd64"
url_api = "https://api.github.com/repos/google/osv-scanner/releases/assets/380248790"
provenance = "slsa"

[tools."github:google/osv-scanner"."platforms.windows-x64"]
checksum = "sha256:b165d33c08bda663119a459f5187e096d2525f888503495f5f34925741e981a2"
url = "https://github.com/google/osv-scanner/releases/download/v2.3.5/osv-scanner_windows_amd64.exe"
url_api = "https://api.github.com/repos/google/osv-scanner/releases/assets/380248754"
provenance = "slsa"

[[tools."github:goreleaser/goreleaser"]]
version = "2.14.3"
backend = "github:goreleaser/goreleaser"

[tools."github:goreleaser/goreleaser"."platforms.linux-arm64"]
checksum = "sha256:581a10e53c1176b3e81ee45cf531e02dbf899db0bc7b795669347df4276ce948"
url = "https://github.com/goreleaser/goreleaser/releases/download/v2.14.3/goreleaser_Linux_arm64.tar.gz"
url_api = "https://api.github.com/repos/goreleaser/goreleaser/releases/assets/370190230"
provenance = "github-attestations"

[tools."github:goreleaser/goreleaser"."platforms.linux-arm64-musl"]
checksum = "sha256:581a10e53c1176b3e81ee45cf531e02dbf899db0bc7b795669347df4276ce948"
url = "https://github.com/goreleaser/goreleaser/releases/download/v2.14.3/goreleaser_Linux_arm64.tar.gz"
url_api = "https://api.github.com/repos/goreleaser/goreleaser/releases/assets/370190230"
provenance = "github-attestations"

[tools."github:goreleaser/goreleaser"."platforms.linux-x64"]
checksum = "sha256:dc7faeeeb6da8bdfda788626263a4ae725892a8c7504b975c3234127d4a44579"
url = "https://github.com/goreleaser/goreleaser/releases/download/v2.14.3/goreleaser_Linux_x86_64.tar.gz"
url_api = "https://api.github.com/repos/goreleaser/goreleaser/releases/assets/370190264"
provenance = "github-attestations"

[tools."github:goreleaser/goreleaser"."platforms.linux-x64-musl"]
checksum = "sha256:dc7faeeeb6da8bdfda788626263a4ae725892a8c7504b975c3234127d4a44579"
url = "https://github.com/goreleaser/goreleaser/releases/download/v2.14.3/goreleaser_Linux_x86_64.tar.gz"
url_api = "https://api.github.com/repos/goreleaser/goreleaser/releases/assets/370190264"
provenance = "github-attestations"

[tools."github:goreleaser/goreleaser"."platforms.macos-arm64"]
checksum = "sha256:6dae42fecaed39f36d0ac9ce98f36ee14804e483f5c1446e205796ac91b7be4e"
url = "https://github.com/goreleaser/goreleaser/releases/download/v2.14.3/goreleaser_Darwin_arm64.tar.gz"
url_api = "https://api.github.com/repos/goreleaser/goreleaser/releases/assets/370190287"
provenance = "github-attestations"

[tools."github:goreleaser/goreleaser"."platforms.macos-x64"]
checksum = "sha256:d8fcc408826058986df90950ce2824ed037e57e3229eb23dcf0badc8d23123bc"
url = "https://github.com/goreleaser/goreleaser/releases/download/v2.14.3/goreleaser_Darwin_x86_64.tar.gz"
url_api = "https://api.github.com/repos/goreleaser/goreleaser/releases/assets/370190276"
provenance = "github-attestations"

[tools."github:goreleaser/goreleaser"."platforms.windows-x64"]
checksum = "sha256:3deea8ff471aa258a2d99f3e5302971d7028647ae8ddaf103257a8113e485a31"
url = "https://github.com/goreleaser/goreleaser/releases/download/v2.14.3/goreleaser_Windows_x86_64.zip"
url_api = "https://api.github.com/repos/goreleaser/goreleaser/releases/assets/370190313"
provenance = "github-attestations"

[[tools."github:hadolint/hadolint"]]
version = "2.14.0"
backend = "github:hadolint/hadolint"

[tools."github:hadolint/hadolint"."platforms.linux-arm64"]
checksum = "sha256:331f1d3511b84a4f1e3d18d52fec284723e4019552f4f47b19322a53ce9a40ed"
url = "https://github.com/hadolint/hadolint/releases/download/v2.14.0/hadolint-linux-arm64"
url_api = "https://api.github.com/repos/hadolint/hadolint/releases/assets/295944081"

[tools."github:hadolint/hadolint"."platforms.linux-arm64-musl"]
checksum = "sha256:331f1d3511b84a4f1e3d18d52fec284723e4019552f4f47b19322a53ce9a40ed"
url = "https://github.com/hadolint/hadolint/releases/download/v2.14.0/hadolint-linux-arm64"
url_api = "https://api.github.com/repos/hadolint/hadolint/releases/assets/295944081"

[tools."github:hadolint/hadolint"."platforms.linux-x64"]
checksum = "sha256:6bf226944684f56c84dd014e8b979d27425c0148f61b3bd99bcc6f39e9dc5a47"
url = "https://github.com/hadolint/hadolint/releases/download/v2.14.0/hadolint-linux-x86_64"
url_api = "https://api.github.com/repos/hadolint/hadolint/releases/assets/295944080"

[tools."github:hadolint/hadolint"."platforms.linux-x64-musl"]
checksum = "sha256:6bf226944684f56c84dd014e8b979d27425c0148f61b3bd99bcc6f39e9dc5a47"
url = "https://github.com/hadolint/hadolint/releases/download/v2.14.0/hadolint-linux-x86_64"
url_api = "https://api.github.com/repos/hadolint/hadolint/releases/assets/295944080"

[tools."github:hadolint/hadolint"."platforms.macos-arm64"]
checksum = "sha256:3625e2e9f43dcfe7bd38738a5f5520ed50ce39ed28485266e6803dd7bc197b10"
url = "https://github.com/hadolint/hadolint/releases/download/v2.14.0/hadolint-macos-arm64"
url_api = "https://api.github.com/repos/hadolint/hadolint/releases/assets/295944077"

[tools."github:hadolint/hadolint"."platforms.macos-x64"]
checksum = "sha256:2b69a853433f1eca522ffb921cd490bd1321424d03331fd8390f93b7fb4a02e9"
url = "https://github.com/hadolint/hadolint/releases/download/v2.14.0/hadolint-macos-x86_64"
url_api = "https://api.github.com/repos/hadolint/hadolint/releases/assets/295944082"

[tools."github:hadolint/hadolint"."platforms.windows-x64"]
checksum = "sha256:8e0ee174f88edb14f207a68430c7a53c2883ed509cdbde9a3a26fffa140fa5e4"
url = "https://github.com/hadolint/hadolint/releases/download/v2.14.0/hadolint-windows-x86_64.exe"
url_api = "https://api.github.com/repos/hadolint/hadolint/releases/assets/295944079"

[[tools.gitleaks]]
version = "8.30.1"
backend = "aqua:gitleaks/gitleaks"

[tools.gitleaks."platforms.linux-arm64"]
checksum = "sha256:e4a487ee7ccd7d3a7f7ec08657610aa3606637dab924210b3aee62570fb4b080"
url = "https://github.com/gitleaks/gitleaks/releases/download/v8.30.1/gitleaks_8.30.1_linux_arm64.tar.gz"

[tools.gitleaks."platforms.linux-arm64-musl"]
checksum = "sha256:e4a487ee7ccd7d3a7f7ec08657610aa3606637dab924210b3aee62570fb4b080"
url = "https://github.com/gitleaks/gitleaks/releases/download/v8.30.1/gitleaks_8.30.1_linux_arm64.tar.gz"

[tools.gitleaks."platforms.linux-x64"]
checksum = "sha256:551f6fc83ea457d62a0d98237cbad105af8d557003051f41f3e7ca7b3f2470eb"
url = "https://github.com/gitleaks/gitleaks/releases/download/v8.30.1/gitleaks_8.30.1_linux_x64.tar.gz"

[tools.gitleaks."platforms.linux-x64-musl"]
checksum = "sha256:551f6fc83ea457d62a0d98237cbad105af8d557003051f41f3e7ca7b3f2470eb"
url = "https://github.com/gitleaks/gitleaks/releases/download/v8.30.1/gitleaks_8.30.1_linux_x64.tar.gz"

[tools.gitleaks."platforms.macos-arm64"]
checksum = "sha256:b40ab0ae55c505963e365f271a8d3846efbc170aa17f2607f13df610a9aeb6a5"
url = "https://github.com/gitleaks/gitleaks/releases/download/v8.30.1/gitleaks_8.30.1_darwin_arm64.tar.gz"

[tools.gitleaks."platforms.macos-x64"]
checksum = "sha256:dfe101a4db2255fc85120ac7f3d25e4342c3c20cf749f2c20a18081af1952709"
url = "https://github.com/gitleaks/gitleaks/releases/download/v8.30.1/gitleaks_8.30.1_darwin_x64.tar.gz"

[tools.gitleaks."platforms.windows-x64"]
checksum = "sha256:d29144deff3a68aa93ced33dddf84b7fdc26070add4aa0f4513094c8332afc4e"
url = "https://github.com/gitleaks/gitleaks/releases/download/v8.30.1/gitleaks_8.30.1_windows_x64.zip"

[[tools.go]]
version = "1.24.1"
backend = "core:go"

[tools.go."platforms.linux-arm64"]
checksum = "sha256:8df5750ffc0281017fb6070fba450f5d22b600a02081dceef47966ffaf36a3af"
url = "https://dl.google.com/go/go1.24.1.linux-arm64.tar.gz"

[tools.go."platforms.linux-arm64-musl"]
checksum = "sha256:8df5750ffc0281017fb6070fba450f5d22b600a02081dceef47966ffaf36a3af"
url = "https://dl.google.com/go/go1.24.1.linux-arm64.tar.gz"

[tools.go."platforms.linux-x64"]
checksum = "sha256:cb2396bae64183cdccf81a9a6df0aea3bce9511fc21469fb89a0c00470088073"
url = "https://dl.google.com/go/go1.24.1.linux-amd64.tar.gz"

[tools.go."platforms.linux-x64-musl"]
checksum = "sha256:cb2396bae64183cdccf81a9a6df0aea3bce9511fc21469fb89a0c00470088073"
url = "https://dl.google.com/go/go1.24.1.linux-amd64.tar.gz"

[tools.go."platforms.macos-arm64"]
checksum = "sha256:295581b5619acc92f5106e5bcb05c51869337eb19742fdfa6c8346c18e78ff88"
url = "https://dl.google.com/go/go1.24.1.darwin-arm64.tar.gz"

[tools.go."platforms.macos-x64"]
checksum = "sha256:addbfce2056744962e2d7436313ab93486660cf7a2e066d171b9d6f2da7c7abe"
url = "https://dl.google.com/go/go1.24.1.darwin-amd64.tar.gz"

[tools.go."platforms.windows-x64"]
checksum = "sha256:95666b551453209a2b8869d29d177285ff9573af10f085d961d7ae5440f645ce"
url = "https://dl.google.com/go/go1.24.1.windows-amd64.zip"

[[tools.go]]
version = "1.26.1"
backend = "core:go"

[tools.go."platforms.linux-arm64"]
checksum = "sha256:a290581cfe4fe28ddd737dde3095f3dbeb7f2e4065cab4eae44dfc53b760c2f7"
url = "https://dl.google.com/go/go1.26.1.linux-arm64.tar.gz"

[tools.go."platforms.linux-arm64-musl"]
checksum = "sha256:a290581cfe4fe28ddd737dde3095f3dbeb7f2e4065cab4eae44dfc53b760c2f7"
url = "https://dl.google.com/go/go1.26.1.linux-arm64.tar.gz"

[tools.go."platforms.linux-x64"]
checksum = "sha256:031f088e5d955bab8657ede27ad4e3bc5b7c1ba281f05f245bcc304f327c987a"
url = "https://dl.google.com/go/go1.26.1.linux-amd64.tar.gz"

[tools.go."platforms.linux-x64-musl"]
checksum = "sha256:031f088e5d955bab8657ede27ad4e3bc5b7c1ba281f05f245bcc304f327c987a"
url = "https://dl.google.com/go/go1.26.1.linux-amd64.tar.gz"

[tools.go."platforms.macos-arm64"]
checksum = "sha256:353df43a7811ce284c8938b5f3c7df40b7bfb6f56cb165b150bc40b5e2dd541f"
url = "https://dl.google.com/go/go1.26.1.darwin-arm64.tar.gz"

[tools.go."platforms.macos-x64"]
checksum = "sha256:65773dab2f8cc4cd23d93ba6d0a805de150ca0b78378879292be0b903b8cdd08"
url = "https://dl.google.com/go/go1.26.1.darwin-amd64.tar.gz"

[tools.go."platforms.windows-x64"]
checksum = "sha256:9b68112c913f45b7aebbf13c036721264bbba7e03a642f8f7490c561eebd1ecc"
url = "https://dl.google.com/go/go1.26.1.windows-amd64.zip"

[[tools."go:github.com/google/addlicense"]]
version = "v1.1.1"
backend = "go:github.com/google/addlicense"

[[tools.node]]
version = "20.18.3"
backend = "core:node"

[tools.node."platforms.linux-arm64"]
checksum = "sha256:93a9df19238adfaa289f4784041d03edaf2fdd89fbb247faffca2fe4a1000703"
url = "https://mirrors.tuna.tsinghua.edu.cn/nodejs-release/v20.18.3/node-v20.18.3-linux-arm64.tar.gz"

[tools.node."platforms.linux-arm64-musl"]
checksum = "sha256:93a9df19238adfaa289f4784041d03edaf2fdd89fbb247faffca2fe4a1000703"
url = "https://mirrors.tuna.tsinghua.edu.cn/nodejs-release/v20.18.3/node-v20.18.3-linux-arm64.tar.gz"

[tools.node."platforms.linux-x64"]
checksum = "sha256:9fc3952da39b20d1fcfdb777b198cc035485afbbb1004b4df93f35245d61151e"
url = "https://mirrors.tuna.tsinghua.edu.cn/nodejs-release/v20.18.3/node-v20.18.3-linux-x64.tar.gz"

[tools.node."platforms.linux-x64-musl"]
checksum = "sha256:9fc3952da39b20d1fcfdb777b198cc035485afbbb1004b4df93f35245d61151e"
url = "https://mirrors.tuna.tsinghua.edu.cn/nodejs-release/v20.18.3/node-v20.18.3-linux-x64.tar.gz"

[tools.node."platforms.macos-arm64"]
checksum = "sha256:1f15b7ed18a580af31cf32bc126572292d820f547bf55bf9cdce08041a24e1d9"
url = "https://mirrors.tuna.tsinghua.edu.cn/nodejs-release/v20.18.3/node-v20.18.3-darwin-arm64.tar.gz"

[tools.node."platforms.macos-x64"]
checksum = "sha256:ba668f64df9239843fefcef095ee539f5ac5aa1b0fc15a71f1ecca16abedec7a"
url = "https://mirrors.tuna.tsinghua.edu.cn/nodejs-release/v20.18.3/node-v20.18.3-darwin-x64.tar.gz"

[tools.node."platforms.windows-x64"]
checksum = "sha256:11d483dfba711bc7c9bcb513e80a2941be0c2e7cbf62753755785b9a6e80a731"
url = "https://mirrors.tuna.tsinghua.edu.cn/nodejs-release/v20.18.3/node-v20.18.3-win-x64.zip"

[[tools.node]]
version = "25.8.2"
backend = "core:node"

[tools.node."platforms.linux-arm64"]
checksum = "sha256:2f823ecd4f9331d6492fedbe50c5a610be3084521f3a5af146875e00a52f2e63"
url = "https://npmmirror.com/mirrors/node/v25.8.2/node-v25.8.2-linux-arm64.tar.gz"

[tools.node."platforms.linux-arm64-musl"]
checksum = "sha256:2f823ecd4f9331d6492fedbe50c5a610be3084521f3a5af146875e00a52f2e63"
url = "https://npmmirror.com/mirrors/node/v25.8.2/node-v25.8.2-linux-arm64.tar.gz"

[tools.node."platforms.linux-x64"]
checksum = "sha256:e06c7069012d40914c57b31157c69d4ce83ea1fe9d63bbb7d26e0509a4535d21"
url = "https://npmmirror.com/mirrors/node/v25.8.2/node-v25.8.2-linux-x64.tar.gz"

[tools.node."platforms.linux-x64-musl"]
checksum = "sha256:e06c7069012d40914c57b31157c69d4ce83ea1fe9d63bbb7d26e0509a4535d21"
url = "https://npmmirror.com/mirrors/node/v25.8.2/node-v25.8.2-linux-x64.tar.gz"

[tools.node."platforms.macos-arm64"]
checksum = "sha256:fb8dabfda3232ef90d992e6439824fc3237356c04d182f3fa883bebeef31e871"
url = "https://npmmirror.com/mirrors/node/v25.8.2/node-v25.8.2-darwin-arm64.tar.gz"

[tools.node."platforms.macos-x64"]
checksum = "sha256:530ffb419789f843215375a65b8fcf4cf010735e99276f512a241a31ba8e5e13"
url = "https://npmmirror.com/mirrors/node/v25.8.2/node-v25.8.2-darwin-x64.tar.gz"

[tools.node."platforms.windows-x64"]
checksum = "sha256:51815d5b0256b947d27d614de04060fcfdbdb830d2c86e63e6f33dbf7964cca7"
url = "https://npmmirror.com/mirrors/node/v25.8.2/node-v25.8.2-win-x64.zip"

[[tools."npm:@commitlint/cli"]]
version = "20.5.0"
backend = "npm:@commitlint/cli"

[[tools."npm:@commitlint/config-conventional"]]
version = "20.5.0"
backend = "npm:@commitlint/config-conventional"

[[tools."npm:@taplo/cli"]]
version = "0.7.0"
backend = "npm:@taplo/cli"

[[tools."npm:bats"]]
version = "1.13.0"
backend = "npm:bats"

[[tools."npm:commitizen"]]
version = "4.3.1"
backend = "npm:commitizen"

[[tools."npm:cz-conventional-changelog"]]
version = "3.3.0"
backend = "npm:cz-conventional-changelog"

[[tools."npm:dockerfile-utils"]]
version = "0.16.3"
backend = "npm:dockerfile-utils"

[[tools."npm:eslint"]]
version = "10.0.3"
backend = "npm:eslint"

[[tools."npm:eslint"]]
version = "10.1.0"
backend = "npm:eslint"

[[tools."npm:markdownlint-cli2"]]
version = "0.21.0"
backend = "npm:markdownlint-cli2"

[[tools."npm:markdownlint-cli2"]]
version = "0.22.0"
backend = "npm:markdownlint-cli2"

[[tools."npm:pnpm"]]
version = "10.30.3"
backend = "npm:pnpm"

[[tools."npm:pnpm"]]
version = "10.33.0"
backend = "npm:pnpm"

[[tools."npm:prettier"]]
version = "3.8.1"
backend = "npm:prettier"

[[tools."npm:sort-package-json"]]
version = "3.6.1"
backend = "npm:sort-package-json"

[[tools."npm:vitepress"]]
version = "1.6.4"
backend = "npm:vitepress"

[[tools.pipx]]
version = "1.11.0"
backend = "aqua:pypa/pipx"

[tools.pipx."platforms.linux-arm64"]
checksum = "sha256:088012ed44db557464e48721275b62b2c2a9a943f444cde05f82cf7a23e63dbc"
url = "https://github.com/pypa/pipx/releases/download/1.11.0/pipx.pyz"

[tools.pipx."platforms.linux-arm64-musl"]
checksum = "sha256:088012ed44db557464e48721275b62b2c2a9a943f444cde05f82cf7a23e63dbc"
url = "https://github.com/pypa/pipx/releases/download/1.11.0/pipx.pyz"

[tools.pipx."platforms.linux-x64"]
checksum = "sha256:088012ed44db557464e48721275b62b2c2a9a943f444cde05f82cf7a23e63dbc"
url = "https://github.com/pypa/pipx/releases/download/1.11.0/pipx.pyz"

[tools.pipx."platforms.linux-x64-musl"]
checksum = "sha256:088012ed44db557464e48721275b62b2c2a9a943f444cde05f82cf7a23e63dbc"
url = "https://github.com/pypa/pipx/releases/download/1.11.0/pipx.pyz"

[tools.pipx."platforms.macos-arm64"]
checksum = "sha256:088012ed44db557464e48721275b62b2c2a9a943f444cde05f82cf7a23e63dbc"
url = "https://github.com/pypa/pipx/releases/download/1.11.0/pipx.pyz"

[tools.pipx."platforms.macos-x64"]
checksum = "sha256:088012ed44db557464e48721275b62b2c2a9a943f444cde05f82cf7a23e63dbc"
url = "https://github.com/pypa/pipx/releases/download/1.11.0/pipx.pyz"

[[tools."pipx:actionlint-py"]]
version = "1.7.11.24"
backend = "pipx:actionlint-py"

[[tools."pipx:clang-format"]]
version = "22.1.1"
backend = "pipx:clang-format"

[[tools."pipx:clang-format"]]
version = "22.1.2"
backend = "pipx:clang-format"

[[tools."pipx:dotenv-linter"]]
version = "0.7.0"
backend = "pipx:dotenv-linter"

[[tools."pipx:pre-commit"]]
version = "4.5.1"
backend = "pipx:pre-commit"

[[tools."pipx:ruff"]]
version = "0.15.7"
backend = "pipx:ruff"

[[tools."pipx:ruff"]]
version = "0.15.8"
backend = "pipx:ruff"

[[tools."pipx:shellcheck-py"]]
version = "0.11.0.1"
backend = "pipx:shellcheck-py"

[[tools."pipx:shfmt-py"]]
version = "3.12.0.2"
backend = "pipx:shfmt-py"

[[tools."pipx:sqlfluff"]]
version = "4.0.4"
backend = "pipx:sqlfluff"

[[tools."pipx:sqlfluff"]]
version = "4.1.0"
backend = "pipx:sqlfluff"

[[tools."pipx:yamllint"]]
version = "1.38.0"
backend = "pipx:yamllint"

[[tools."pipx:zizmor"]]
version = "1.23.1"
backend = "pipx:zizmor"

[[tools.python]]
version = "3.12.9"
backend = "core:python"

[tools.python."platforms.linux-arm64"]
checksum = "sha256:0354f70e7d3e2d0c36308edc1815c563d9bae1a3221830f7e222f6bb0a7e1a3a"
url = "https://github.com/astral-sh/python-build-standalone/releases/download/20250317/cpython-3.12.9+20250317-aarch64-unknown-linux-gnu-install_only_stripped.tar.gz"

[tools.python."platforms.linux-arm64-musl"]
checksum = "sha256:0354f70e7d3e2d0c36308edc1815c563d9bae1a3221830f7e222f6bb0a7e1a3a"
url = "https://github.com/astral-sh/python-build-standalone/releases/download/20250317/cpython-3.12.9+20250317-aarch64-unknown-linux-gnu-install_only_stripped.tar.gz"

[tools.python."platforms.linux-x64"]
checksum = "sha256:a36bc60c38fe146e908e2e71fc21266c8558b24a9407226b1d887212839437ef"
url = "https://github.com/astral-sh/python-build-standalone/releases/download/20250317/cpython-3.12.9+20250317-x86_64-unknown-linux-gnu-install_only_stripped.tar.gz"

[tools.python."platforms.linux-x64-musl"]
checksum = "sha256:a36bc60c38fe146e908e2e71fc21266c8558b24a9407226b1d887212839437ef"
url = "https://github.com/astral-sh/python-build-standalone/releases/download/20250317/cpython-3.12.9+20250317-x86_64-unknown-linux-gnu-install_only_stripped.tar.gz"

[tools.python."platforms.macos-arm64"]
checksum = "sha256:0a4647b7df3c8eca11071d6cea68a14a4b102bd6fc6afae314e9852510654b7d"
url = "https://github.com/astral-sh/python-build-standalone/releases/download/20250317/cpython-3.12.9+20250317-aarch64-apple-darwin-install_only_stripped.tar.gz"

[tools.python."platforms.macos-x64"]
checksum = "sha256:1a414bf392a7afe08c742502a82edd41893a1144ccbceb184dc5ee6ee9c069c0"
url = "https://github.com/astral-sh/python-build-standalone/releases/download/20250317/cpython-3.12.9+20250317-x86_64-apple-darwin-install_only_stripped.tar.gz"

[tools.python."platforms.windows-x64"]
checksum = "sha256:ee338839315bdd8af5fc935f9595eca20ebebdd250726c5816b2d0cf94d1e661"
url = "https://github.com/astral-sh/python-build-standalone/releases/download/20250317/cpython-3.12.9+20250317-x86_64-pc-windows-msvc-install_only_stripped.tar.gz"

[[tools.python]]
version = "3.14.3"
backend = "core:python"

[tools.python."platforms.linux-arm64"]
checksum = "sha256:53700338695e402a1a1fe22be4a41fbdacc70e22bb308a48eca8ed67cb7992be"
url = "https://github.com/astral-sh/python-build-standalone/releases/download/20260324/cpython-3.14.3+20260324-aarch64-unknown-linux-gnu-install_only_stripped.tar.gz"

[tools.python."platforms.linux-arm64-musl"]
checksum = "sha256:53700338695e402a1a1fe22be4a41fbdacc70e22bb308a48eca8ed67cb7992be"
url = "https://github.com/astral-sh/python-build-standalone/releases/download/20260324/cpython-3.14.3+20260324-aarch64-unknown-linux-gnu-install_only_stripped.tar.gz"

[tools.python."platforms.linux-x64"]
checksum = "sha256:d7a9f970914bb4c88756fe3bdcc186d4feb90e9500e54f1db47dae4dc9687e39"
url = "https://github.com/astral-sh/python-build-standalone/releases/download/20260324/cpython-3.14.3+20260324-x86_64-unknown-linux-gnu-install_only_stripped.tar.gz"

[tools.python."platforms.linux-x64-musl"]
checksum = "sha256:d7a9f970914bb4c88756fe3bdcc186d4feb90e9500e54f1db47dae4dc9687e39"
url = "https://github.com/astral-sh/python-build-standalone/releases/download/20260324/cpython-3.14.3+20260324-x86_64-unknown-linux-gnu-install_only_stripped.tar.gz"

[tools.python."platforms.macos-arm64"]
checksum = "sha256:c43aecde4a663aebff99b9b83da0efec506479f1c3f98331442f33d2c43501f9"
url = "https://github.com/astral-sh/python-build-standalone/releases/download/20260324/cpython-3.14.3+20260324-aarch64-apple-darwin-install_only_stripped.tar.gz"

[tools.python."platforms.macos-x64"]
checksum = "sha256:9ab41dbc2f100a2a45d1833b9c11165f51051c558b5213eda9a9731d5948a0c0"
url = "https://github.com/astral-sh/python-build-standalone/releases/download/20260324/cpython-3.14.3+20260324-x86_64-apple-darwin-install_only_stripped.tar.gz"

[tools.python."platforms.windows-x64"]
checksum = "sha256:bbe19034b35b0267176a7442575ae7dc6343480fd4d35598cb7700173d431e09"
url = "https://github.com/astral-sh/python-build-standalone/releases/download/20260324/cpython-3.14.3+20260324-x86_64-pc-windows-msvc-install_only_stripped.tar.gz"
