# @generated - this file is auto-generated by `mise lock` https://mise.jdx.dev/dev-tools/mise-lock.html

[[tools.bun]]
version = "1.2.4"
backend = "core:bun"

[tools.bun."platforms.linux-x64"]
checksum = "sha256:8adcbd74cf1af07dc3607ebee32bfe5a53353b1aef9515963781183d5c401586"
url = "https://github.com/oven-sh/bun/releases/download/bun-v1.2.4/bun-linux-x64.zip"

[tools.bun."platforms.linux-x64-baseline"]
checksum = "sha256:e03eb2559a61af0cfb7acf3e59272d55613ef14078f156f7b22512456caa0f8b"
url = "https://github.com/oven-sh/bun/releases/download/bun-v1.2.4/bun-linux-x64-baseline.zip"

[tools.bun."platforms.linux-x64-musl"]
checksum = "sha256:fb5be67e353e3cc324b910077c6ca77b037046a842bcb092d67fd044f587af4d"
url = "https://github.com/oven-sh/bun/releases/download/bun-v1.2.4/bun-linux-x64-musl.zip"

[tools.bun."platforms.linux-x64-musl-baseline"]
checksum = "sha256:aa286d04aa6ff27f8ddeae8239bde412a2080427ad7a1d72473848b0660c5546"
url = "https://github.com/oven-sh/bun/releases/download/bun-v1.2.4/bun-linux-x64-musl-baseline.zip"

[tools.bun."platforms.macos-arm64"]
checksum = "sha256:fd4702870bbb911836469a703aee7c1c7dbafc7cd8fc580429ba2dda18bb5aa1"
url = "https://github.com/oven-sh/bun/releases/download/bun-v1.2.4/bun-darwin-aarch64.zip"

[tools.bun."platforms.macos-x64"]
checksum = "sha256:d2a4ef2cae7f37c16415e7a7668a6e84c15d88b9ce8ffc1fbb44f43f77d30bc9"
url = "https://github.com/oven-sh/bun/releases/download/bun-v1.2.4/bun-darwin-x64.zip"

[tools.bun."platforms.macos-x64-baseline"]
checksum = "sha256:0c432c2e045691e709c18f8c2fe0b4d2d92974ed37f40e4887a666632a295fcc"
url = "https://github.com/oven-sh/bun/releases/download/bun-v1.2.4/bun-darwin-x64-baseline.zip"

[tools.bun."platforms.windows-x64"]
checksum = "sha256:02513d08fb02d9aef71df6d6c23f04d1afa896622ed59d78781e6e839ed0e05c"
url = "https://github.com/oven-sh/bun/releases/download/bun-v1.2.4/bun-windows-x64.zip"

[tools.bun."platforms.windows-x64-baseline"]
checksum = "sha256:49dd385e79d95d087596d3e75fc3b27086469cb2a0ca3d139121a844a9b4dc70"
url = "https://github.com/oven-sh/bun/releases/download/bun-v1.2.4/bun-windows-x64-baseline.zip"

[[tools."cargo:cargo-audit"]]
version = "0.20.1"
backend = "cargo:cargo-audit"

[[tools.deno]]
version = "2.2.2"
backend = "core:deno"

[tools.deno."platforms.linux-x64"]
checksum = "sha256:cc47c1fa8b3ca23057b7c89c69511557a0f2eefc94516c38bc96ea97d619b491"
url = "https://dl.deno.land/release/v2.2.2/deno-x86_64-unknown-linux-gnu.zip"

[tools.deno."platforms.linux-x64-baseline"]
checksum = "sha256:cc47c1fa8b3ca23057b7c89c69511557a0f2eefc94516c38bc96ea97d619b491"
url = "https://dl.deno.land/release/v2.2.2/deno-x86_64-unknown-linux-gnu.zip"

[tools.deno."platforms.linux-x64-musl"]
checksum = "sha256:cc47c1fa8b3ca23057b7c89c69511557a0f2eefc94516c38bc96ea97d619b491"
url = "https://dl.deno.land/release/v2.2.2/deno-x86_64-unknown-linux-gnu.zip"

[tools.deno."platforms.linux-x64-musl-baseline"]
checksum = "sha256:cc47c1fa8b3ca23057b7c89c69511557a0f2eefc94516c38bc96ea97d619b491"
url = "https://dl.deno.land/release/v2.2.2/deno-x86_64-unknown-linux-gnu.zip"

[tools.deno."platforms.macos-arm64"]
checksum = "sha256:ec1f01b9d83e3d0c10702d437d3ce6b3dd9c66cbc437ff20dbb09745f689069c"
url = "https://dl.deno.land/release/v2.2.2/deno-aarch64-apple-darwin.zip"

[tools.deno."platforms.macos-x64"]
checksum = "sha256:a76cda660fea9e122bd845a9f9d691be8b6cd93e4ac5688edf2f4a520f9bf1a1"
url = "https://dl.deno.land/release/v2.2.2/deno-x86_64-apple-darwin.zip"

[tools.deno."platforms.macos-x64-baseline"]
checksum = "sha256:a76cda660fea9e122bd845a9f9d691be8b6cd93e4ac5688edf2f4a520f9bf1a1"
url = "https://dl.deno.land/release/v2.2.2/deno-x86_64-apple-darwin.zip"

[tools.deno."platforms.windows-x64"]
checksum = "sha256:Algorithm"
url = "https://dl.deno.land/release/v2.2.2/deno-x86_64-pc-windows-msvc.zip"

[tools.deno."platforms.windows-x64-baseline"]
checksum = "sha256:Algorithm"
url = "https://dl.deno.land/release/v2.2.2/deno-x86_64-pc-windows-msvc.zip"

[[tools.dotnet]]
version = "9.0.201"
backend = "core:dotnet"

[[tools."github:JohnnyMorganz/StyLua"]]
version = "2.0.2"
backend = "github:JohnnyMorganz/StyLua"

[tools."github:JohnnyMorganz/StyLua"."platforms.linux-x64"]
url = "https://github.com/JohnnyMorganz/StyLua/releases/download/v2.0.2/stylua-linux-x86_64.zip"
url_api = "https://api.github.com/repos/JohnnyMorganz/StyLua/releases/assets/211753201"

[tools."github:JohnnyMorganz/StyLua"."platforms.linux-x64-baseline"]
url = "https://github.com/JohnnyMorganz/StyLua/releases/download/v2.0.2/stylua-linux-x86_64.zip"
url_api = "https://api.github.com/repos/JohnnyMorganz/StyLua/releases/assets/211753201"

[tools."github:JohnnyMorganz/StyLua"."platforms.linux-x64-musl"]
url = "https://github.com/JohnnyMorganz/StyLua/releases/download/v2.0.2/stylua-linux-x86_64-musl.zip"
url_api = "https://api.github.com/repos/JohnnyMorganz/StyLua/releases/assets/211753212"

[tools."github:JohnnyMorganz/StyLua"."platforms.linux-x64-musl-baseline"]
url = "https://github.com/JohnnyMorganz/StyLua/releases/download/v2.0.2/stylua-linux-x86_64.zip"
url_api = "https://api.github.com/repos/JohnnyMorganz/StyLua/releases/assets/211753201"

[tools."github:JohnnyMorganz/StyLua"."platforms.macos-arm64"]
url = "https://github.com/JohnnyMorganz/StyLua/releases/download/v2.0.2/stylua-macos-aarch64.zip"
url_api = "https://api.github.com/repos/JohnnyMorganz/StyLua/releases/assets/211753195"

[tools."github:JohnnyMorganz/StyLua"."platforms.macos-x64"]
url = "https://github.com/JohnnyMorganz/StyLua/releases/download/v2.0.2/stylua-macos-x86_64.zip"
url_api = "https://api.github.com/repos/JohnnyMorganz/StyLua/releases/assets/211753221"

[tools."github:JohnnyMorganz/StyLua"."platforms.macos-x64-baseline"]
url = "https://github.com/JohnnyMorganz/StyLua/releases/download/v2.0.2/stylua-macos-x86_64.zip"
url_api = "https://api.github.com/repos/JohnnyMorganz/StyLua/releases/assets/211753221"

[tools."github:JohnnyMorganz/StyLua"."platforms.windows-x64"]
url = "https://github.com/JohnnyMorganz/StyLua/releases/download/v2.0.2/stylua-windows-x86_64.zip"
url_api = "https://api.github.com/repos/JohnnyMorganz/StyLua/releases/assets/211753428"

[tools."github:JohnnyMorganz/StyLua"."platforms.windows-x64-baseline"]
url = "https://github.com/JohnnyMorganz/StyLua/releases/download/v2.0.2/stylua-windows-x86_64.zip"
url_api = "https://api.github.com/repos/JohnnyMorganz/StyLua/releases/assets/211753428"

[[tools."github:apple/pkl"]]
version = "0.31.0"
backend = "github:apple/pkl"

[tools."github:apple/pkl"."platforms.linux-x64"]
checksum = "sha256:93c851c217a4be0537de0f86bfc5ac71a52f85eea4e0e25b7630a82df9ff8d32"
url = "https://github.com/apple/pkl/releases/download/0.31.0/pkl-alpine-linux-amd64"
url_api = "https://api.github.com/repos/apple/pkl/releases/assets/362961699"

[tools."github:apple/pkl"."platforms.linux-x64-baseline"]
checksum = "sha256:93c851c217a4be0537de0f86bfc5ac71a52f85eea4e0e25b7630a82df9ff8d32"
url = "https://github.com/apple/pkl/releases/download/0.31.0/pkl-alpine-linux-amd64"
url_api = "https://api.github.com/repos/apple/pkl/releases/assets/362961699"

[tools."github:apple/pkl"."platforms.linux-x64-musl"]
checksum = "sha256:93c851c217a4be0537de0f86bfc5ac71a52f85eea4e0e25b7630a82df9ff8d32"
url = "https://github.com/apple/pkl/releases/download/0.31.0/pkl-alpine-linux-amd64"
url_api = "https://api.github.com/repos/apple/pkl/releases/assets/362961699"

[tools."github:apple/pkl"."platforms.linux-x64-musl-baseline"]
checksum = "sha256:93c851c217a4be0537de0f86bfc5ac71a52f85eea4e0e25b7630a82df9ff8d32"
url = "https://github.com/apple/pkl/releases/download/0.31.0/pkl-alpine-linux-amd64"
url_api = "https://api.github.com/repos/apple/pkl/releases/assets/362961699"

[tools."github:apple/pkl"."platforms.macos-arm64"]
checksum = "sha256:349402ae32c35382c034b0c0af744ffb0d53a213888c44deec94a7810e144889"
url = "https://github.com/apple/pkl/releases/download/0.31.0/pkl-macos-aarch64"
url_api = "https://api.github.com/repos/apple/pkl/releases/assets/362961694"

[tools."github:apple/pkl"."platforms.macos-x64"]
checksum = "sha256:9f1cc8e3ac2327bc483b90d0c220da20eb785c3ba3fe92e021f47d3d56768282"
url = "https://github.com/apple/pkl/releases/download/0.31.0/pkl-macos-amd64"
url_api = "https://api.github.com/repos/apple/pkl/releases/assets/362961715"

[tools."github:apple/pkl"."platforms.macos-x64-baseline"]
checksum = "sha256:9f1cc8e3ac2327bc483b90d0c220da20eb785c3ba3fe92e021f47d3d56768282"
url = "https://github.com/apple/pkl/releases/download/0.31.0/pkl-macos-amd64"
url_api = "https://api.github.com/repos/apple/pkl/releases/assets/362961715"

[tools."github:apple/pkl"."platforms.windows-x64"]
checksum = "sha256:37d35ce8a165766502fb13799071d4cefa84d39fb455c75c471b47b9b5d12b04"
url = "https://github.com/apple/pkl/releases/download/0.31.0/pkl-windows-amd64.exe"
url_api = "https://api.github.com/repos/apple/pkl/releases/assets/362961758"

[tools."github:apple/pkl"."platforms.windows-x64-baseline"]
checksum = "sha256:37d35ce8a165766502fb13799071d4cefa84d39fb455c75c471b47b9b5d12b04"
url = "https://github.com/apple/pkl/releases/download/0.31.0/pkl-windows-amd64.exe"
url_api = "https://api.github.com/repos/apple/pkl/releases/assets/362961758"

[[tools."github:aquasecurity/trivy"]]
version = "0.69.3"
backend = "github:aquasecurity/trivy"

[tools."github:aquasecurity/trivy"."platforms.linux-x64"]
checksum = "sha256:cf79e4a3c3af0dd8e0cbf092c2586e9a4f877a5d9ea924cb4c2a1e863e9e925d"
url = "https://github.com/aquasecurity/trivy/releases/download/v0.69.3/trivy_0.69.3_Linux-32bit.tar.gz"
url_api = "https://api.github.com/repos/aquasecurity/trivy/releases/assets/366054966"

[tools."github:aquasecurity/trivy"."platforms.linux-x64-baseline"]
checksum = "sha256:cf79e4a3c3af0dd8e0cbf092c2586e9a4f877a5d9ea924cb4c2a1e863e9e925d"
url = "https://github.com/aquasecurity/trivy/releases/download/v0.69.3/trivy_0.69.3_Linux-32bit.tar.gz"
url_api = "https://api.github.com/repos/aquasecurity/trivy/releases/assets/366054966"

[tools."github:aquasecurity/trivy"."platforms.linux-x64-musl"]
checksum = "sha256:cf79e4a3c3af0dd8e0cbf092c2586e9a4f877a5d9ea924cb4c2a1e863e9e925d"
url = "https://github.com/aquasecurity/trivy/releases/download/v0.69.3/trivy_0.69.3_Linux-32bit.tar.gz"
url_api = "https://api.github.com/repos/aquasecurity/trivy/releases/assets/366054966"

[tools."github:aquasecurity/trivy"."platforms.linux-x64-musl-baseline"]
checksum = "sha256:cf79e4a3c3af0dd8e0cbf092c2586e9a4f877a5d9ea924cb4c2a1e863e9e925d"
url = "https://github.com/aquasecurity/trivy/releases/download/v0.69.3/trivy_0.69.3_Linux-32bit.tar.gz"
url_api = "https://api.github.com/repos/aquasecurity/trivy/releases/assets/366054966"

[tools."github:aquasecurity/trivy"."platforms.macos-arm64"]
checksum = "sha256:a2f2179afd4f8bb265ca3c7aefb56a666bc4a9a411663bc0f22c3549fbc643a5"
url = "https://github.com/aquasecurity/trivy/releases/download/v0.69.3/trivy_0.69.3_macOS-ARM64.tar.gz"
url_api = "https://api.github.com/repos/aquasecurity/trivy/releases/assets/366054962"

[tools."github:aquasecurity/trivy"."platforms.macos-x64"]
checksum = "sha256:fec4a9f7569b624dd9d044fca019e5da69e032700edbb1d7318972c448ec2f4e"
url = "https://github.com/aquasecurity/trivy/releases/download/v0.69.3/trivy_0.69.3_macOS-64bit.tar.gz"
url_api = "https://api.github.com/repos/aquasecurity/trivy/releases/assets/366055003"

[tools."github:aquasecurity/trivy"."platforms.macos-x64-baseline"]
checksum = "sha256:fec4a9f7569b624dd9d044fca019e5da69e032700edbb1d7318972c448ec2f4e"
url = "https://github.com/aquasecurity/trivy/releases/download/v0.69.3/trivy_0.69.3_macOS-64bit.tar.gz"
url_api = "https://api.github.com/repos/aquasecurity/trivy/releases/assets/366055003"

[tools."github:aquasecurity/trivy"."platforms.windows-x64"]
checksum = "sha256:74362dc711383255308230ecbeb587eb1e4e83a8d332be5b0259afac6e0c2224"
url = "https://github.com/aquasecurity/trivy/releases/download/v0.69.3/trivy_0.69.3_windows-64bit.zip"
url_api = "https://api.github.com/repos/aquasecurity/trivy/releases/assets/366054970"

[tools."github:aquasecurity/trivy"."platforms.windows-x64-baseline"]
checksum = "sha256:74362dc711383255308230ecbeb587eb1e4e83a8d332be5b0259afac6e0c2224"
url = "https://github.com/aquasecurity/trivy/releases/download/v0.69.3/trivy_0.69.3_windows-64bit.zip"
url_api = "https://api.github.com/repos/aquasecurity/trivy/releases/assets/366054970"

[[tools."github:ballerina-platform/ballerina-distribution"]]
version = "2201.11.0"
backend = "github:ballerina-platform/ballerina-distribution"

[tools."github:ballerina-platform/ballerina-distribution"."platforms.linux-x64"]
url = "https://github.com/ballerina-platform/ballerina-distribution/releases/download/v2201.11.0/ballerina-2201.11.0-swan-lake-linux-arm-x64.deb"
url_api = "https://api.github.com/repos/ballerina-platform/ballerina-distribution/releases/assets/228198977"

[tools."github:ballerina-platform/ballerina-distribution"."platforms.linux-x64-baseline"]
url = "https://github.com/ballerina-platform/ballerina-distribution/releases/download/v2201.11.0/ballerina-2201.11.0-swan-lake-linux-arm-x64.deb"
url_api = "https://api.github.com/repos/ballerina-platform/ballerina-distribution/releases/assets/228198977"

[tools."github:ballerina-platform/ballerina-distribution"."platforms.linux-x64-musl"]
url = "https://github.com/ballerina-platform/ballerina-distribution/releases/download/v2201.11.0/ballerina-2201.11.0-swan-lake-linux-arm-x64.deb"
url_api = "https://api.github.com/repos/ballerina-platform/ballerina-distribution/releases/assets/228198977"

[tools."github:ballerina-platform/ballerina-distribution"."platforms.linux-x64-musl-baseline"]
url = "https://github.com/ballerina-platform/ballerina-distribution/releases/download/v2201.11.0/ballerina-2201.11.0-swan-lake-linux-arm-x64.deb"
url_api = "https://api.github.com/repos/ballerina-platform/ballerina-distribution/releases/assets/228198977"

[tools."github:ballerina-platform/ballerina-distribution"."platforms.macos-arm64"]
url = "https://github.com/ballerina-platform/ballerina-distribution/releases/download/v2201.11.0/ballerina-2201.11.0-swan-lake-macos.zip"
url_api = "https://api.github.com/repos/ballerina-platform/ballerina-distribution/releases/assets/228195602"

[tools."github:ballerina-platform/ballerina-distribution"."platforms.macos-x64"]
checksum = "sha256:87722e6621f4f8220c894dfad2234075a13dc6dd5c6475b8da45a8cd89790d47"
url = "https://github.com/ballerina-platform/ballerina-distribution/releases/download/v2201.11.0/ballerina-2201.11.0-swan-lake-macos-arm-x64.pkg"
url_api = "https://api.github.com/repos/ballerina-platform/ballerina-distribution/releases/assets/228229356"

[tools."github:ballerina-platform/ballerina-distribution"."platforms.macos-x64-baseline"]
checksum = "sha256:87722e6621f4f8220c894dfad2234075a13dc6dd5c6475b8da45a8cd89790d47"
url = "https://github.com/ballerina-platform/ballerina-distribution/releases/download/v2201.11.0/ballerina-2201.11.0-swan-lake-macos-arm-x64.pkg"
url_api = "https://api.github.com/repos/ballerina-platform/ballerina-distribution/releases/assets/228229356"

[tools."github:ballerina-platform/ballerina-distribution"."platforms.windows-x64"]
checksum = "sha256:59f95fc76aa13daff29545c501a8229e3ad024e9385f6e0884fcafd1828951d1"
url = "https://github.com/ballerina-platform/ballerina-distribution/releases/download/v2201.11.0/ballerina-2201.11.0-swan-lake-windows-x64.msi"
url_api = "https://api.github.com/repos/ballerina-platform/ballerina-distribution/releases/assets/228228076"

[tools."github:ballerina-platform/ballerina-distribution"."platforms.windows-x64-baseline"]
checksum = "sha256:59f95fc76aa13daff29545c501a8229e3ad024e9385f6e0884fcafd1828951d1"
url = "https://github.com/ballerina-platform/ballerina-distribution/releases/download/v2201.11.0/ballerina-2201.11.0-swan-lake-windows-x64.msi"
url_api = "https://api.github.com/repos/ballerina-platform/ballerina-distribution/releases/assets/228228076"

[[tools."github:bazelbuild/bazel"]]
version = "9.0.1"
backend = "github:bazelbuild/bazel"

[tools."github:bazelbuild/bazel"."platforms.linux-x64"]
checksum = "sha256:d216b18ee8a225a38610d23ab49cb62df5488bafdbd5f59d3f1f78ec59778976"
url = "https://github.com/bazelbuild/bazel/releases/download/9.0.1/bazel-9.0.1-installer-linux-x86_64.sh"
url_api = "https://api.github.com/repos/bazelbuild/bazel/releases/assets/370996065"

[tools."github:bazelbuild/bazel"."platforms.linux-x64-baseline"]
checksum = "sha256:d216b18ee8a225a38610d23ab49cb62df5488bafdbd5f59d3f1f78ec59778976"
url = "https://github.com/bazelbuild/bazel/releases/download/9.0.1/bazel-9.0.1-installer-linux-x86_64.sh"
url_api = "https://api.github.com/repos/bazelbuild/bazel/releases/assets/370996065"

[tools."github:bazelbuild/bazel"."platforms.linux-x64-musl"]
checksum = "sha256:d216b18ee8a225a38610d23ab49cb62df5488bafdbd5f59d3f1f78ec59778976"
url = "https://github.com/bazelbuild/bazel/releases/download/9.0.1/bazel-9.0.1-installer-linux-x86_64.sh"
url_api = "https://api.github.com/repos/bazelbuild/bazel/releases/assets/370996065"

[tools."github:bazelbuild/bazel"."platforms.linux-x64-musl-baseline"]
checksum = "sha256:d216b18ee8a225a38610d23ab49cb62df5488bafdbd5f59d3f1f78ec59778976"
url = "https://github.com/bazelbuild/bazel/releases/download/9.0.1/bazel-9.0.1-installer-linux-x86_64.sh"
url_api = "https://api.github.com/repos/bazelbuild/bazel/releases/assets/370996065"

[[tools."github:bufbuild/buf"]]
version = "1.50.0"
backend = "github:bufbuild/buf"

[[tools."github:casey/just"]]
version = "1.39.0"
backend = "github:casey/just"

[tools."github:casey/just"."platforms.linux-x64"]
checksum = "sha256:1c53fa85a8c021ce7b19814e1a5e1dc0aa10c04bddca75196f7ab6db6130d2cd"
url = "https://github.com/casey/just/releases/download/1.39.0/just-1.39.0-x86_64-unknown-linux-musl.tar.gz"
url_api = "https://api.github.com/repos/casey/just/releases/assets/222536820"

[tools."github:casey/just"."platforms.macos-arm64"]
checksum = "sha256:ab1e1fc95bc3cd11ee9ecc2c764abbd60f6d4f99dad05be78276e5487e959051"
url = "https://github.com/casey/just/releases/download/1.39.0/just-1.39.0-aarch64-apple-darwin.tar.gz"
url_api = "https://api.github.com/repos/casey/just/releases/assets/222536786"

[tools."github:casey/just"."platforms.macos-x64"]
checksum = "sha256:6c786ac5646e643cc21e4d7d2f5da12b690a54c32d35307224db34879344ad4c"
url = "https://github.com/casey/just/releases/download/1.39.0/just-1.39.0-x86_64-apple-darwin.tar.gz"
url_api = "https://api.github.com/repos/casey/just/releases/assets/222536810"

[tools."github:casey/just"."platforms.windows-x64"]
checksum = "sha256:b99304df08fdafaa2ea92714a0696727f7ff0cb8dd02527095aeb4419e5f6de9"
url = "https://github.com/casey/just/releases/download/1.39.0/just-1.39.0-x86_64-pc-windows-msvc.zip"
url_api = "https://api.github.com/repos/casey/just/releases/assets/222537246"

[[tools."github:checkmake/checkmake"]]
version = "0.2.1"
backend = "github:checkmake/checkmake"

[tools."github:checkmake/checkmake"."platforms.windows-x64"]
checksum = "sha256:9a8730bb7249fbd6e775689f51b215a9d960a90d33e2c9aace53b552c83dabf0"
url = "https://github.com/checkmake/checkmake/releases/download/0.2.1/checkmake-0.2.1.freebsd.amd64"
url_api = "https://api.github.com/repos/checkmake/checkmake/releases/assets/57281589"

[[tools."github:cue-lang/cue"]]
version = "0.12.0"
backend = "github:cue-lang/cue"

[tools."github:cue-lang/cue"."platforms.linux-x64"]
checksum = "sha256:e55cd5abd98a592c110f87a7da9ef15bc72515200aecfe1bed04bf86311f5ba1"
url = "https://github.com/cue-lang/cue/releases/download/v0.12.0/cue_v0.12.0_linux_amd64.tar.gz"
url_api = "https://api.github.com/repos/cue-lang/cue/releases/assets/224862318"

[tools."github:cue-lang/cue"."platforms.macos-arm64"]
checksum = "sha256:7055a6423f753c8ea763699d48d78d341e8543397399daee281c66ecdc9ec5a5"
url = "https://github.com/cue-lang/cue/releases/download/v0.12.0/cue_v0.12.0_darwin_arm64.tar.gz"
url_api = "https://api.github.com/repos/cue-lang/cue/releases/assets/224862321"

[tools."github:cue-lang/cue"."platforms.macos-x64"]
checksum = "sha256:8474e522a978ecadef49b06d706ff276cd07629b1aa107b88adfc1284d3f93cc"
url = "https://github.com/cue-lang/cue/releases/download/v0.12.0/cue_v0.12.0_darwin_amd64.tar.gz"
url_api = "https://api.github.com/repos/cue-lang/cue/releases/assets/224862322"

[tools."github:cue-lang/cue"."platforms.windows-x64"]
checksum = "sha256:268bf95f4767b37d5db01450d55ca9d10e9a8bd8a1417c31dff456b5f9775abf"
url = "https://github.com/cue-lang/cue/releases/download/v0.12.0/cue_v0.12.0_windows_amd64.zip"
url_api = "https://api.github.com/repos/cue-lang/cue/releases/assets/224862315"

[[tools."github:dotenv-linter/dotenv-linter"]]
version = "4.0.0"
backend = "github:dotenv-linter/dotenv-linter"

[[tools."github:go-task/task"]]
version = "3.41.0"
backend = "github:go-task/task"

[tools."github:go-task/task"."platforms.linux-x64"]
checksum = "sha256:0a2595f7fa3c15a62f8d0c244121a4977018b3bfdec7c1542ac2a8cf079978b8"
url = "https://github.com/go-task/task/releases/download/v3.41.0/task_linux_amd64.tar.gz"
url_api = "https://api.github.com/repos/go-task/task/releases/assets/221404423"

[tools."github:go-task/task"."platforms.macos-arm64"]
checksum = "sha256:78083ab7b4c99455448d3dd0dcce2be857789ae80c176350804305021aa7f582"
url = "https://github.com/go-task/task/releases/download/v3.41.0/task_darwin_arm64.tar.gz"
url_api = "https://api.github.com/repos/go-task/task/releases/assets/221404416"

[[tools."github:google/go-jsonnet"]]
version = "0.20.0"
backend = "github:google/go-jsonnet"

[tools."github:google/go-jsonnet"."platforms.windows-x64"]
checksum = "sha256:82440a646a8d29487a243afc880db245f612a205d3eccbb900bc76d7a4049ad1"
url = "https://github.com/google/go-jsonnet/releases/download/v0.20.0/go-jsonnet_0.20.0_Windows_x86_64.tar.gz"
url_api = "https://api.github.com/repos/google/go-jsonnet/releases/assets/104116607"

[[tools."github:google/google-java-format"]]
version = "1.35.0"
backend = "github:google/google-java-format"

[[tools."github:grain-lang/grain"]]
version = "0.7.2"
backend = "github:grain-lang/grain"

[[tools."github:kcl-lang/kcl"]]
version = "0.11.2"
backend = "github:kcl-lang/kcl"

[tools."github:kcl-lang/kcl"."platforms.windows-x64"]
url = "https://github.com/kcl-lang/kcl/releases/download/v0.11.2/kclvm-v0.11.2-windows-mingw.zip"
url_api = "https://api.github.com/repos/kcl-lang/kcl/releases/assets/247518659"

[[tools."github:moonbitlang/moonbit-compiler"]]
version = "0.7.2"
backend = "github:moonbitlang/moonbit-compiler"

[[tools."github:open-policy-agent/opa"]]
version = "1.2.0"
backend = "github:open-policy-agent/opa"

[[tools."github:opentofu/opentofu"]]
version = "1.9.0"
backend = "github:opentofu/opentofu"

[[tools."github:pulumi/pulumi"]]
version = "3.153.1"
backend = "github:pulumi/pulumi"

[[tools."github:realm/SwiftLint"]]
version = "0.63.2"
backend = "github:realm/SwiftLint"

[tools."github:realm/SwiftLint"."platforms.macos-arm64"]
checksum = "sha256:e3da0cfecc1ae663338b0c54cc45869834cd436b539e0d30816dd44b0e369d28"
url = "https://github.com/realm/SwiftLint/releases/download/0.63.2/bazel.tar.gz"
url_api = "https://api.github.com/repos/realm/SwiftLint/releases/assets/346234912"

[[tools."github:stackrox/kube-linter"]]
version = "0.8.1"
backend = "github:stackrox/kube-linter"

[[tools."github:terraform-linters/tflint"]]
version = "0.61.0"
backend = "github:terraform-linters/tflint"

[tools."github:terraform-linters/tflint"."platforms.linux-x64"]
checksum = "sha256:ca4e4e8cb7cc3436f2b6979e9c4fd4e2623a66fcca1ad1fe12f8669967636ae2"
url = "https://github.com/terraform-linters/tflint/releases/download/v0.61.0/tflint_linux_amd64.zip"
url_api = "https://api.github.com/repos/terraform-linters/tflint/releases/assets/352087742"

[tools."github:terraform-linters/tflint"."platforms.macos-arm64"]
checksum = "sha256:6593fa24cb6e14d2d0cf7af7fd02a271242f1038af6ecb5384f6738e105a0fea"
url = "https://github.com/terraform-linters/tflint/releases/download/v0.61.0/tflint_darwin_arm64.zip"
url_api = "https://api.github.com/repos/terraform-linters/tflint/releases/assets/352087723"

[tools."github:terraform-linters/tflint"."platforms.macos-x64"]
checksum = "sha256:9cd3106c7b74f83cbcd90e0593dfaa1ce14dc5260fe32d946915fd0004aec2f4"
url = "https://github.com/terraform-linters/tflint/releases/download/v0.61.0/tflint_darwin_amd64.zip"
url_api = "https://api.github.com/repos/terraform-linters/tflint/releases/assets/352087741"

[tools."github:terraform-linters/tflint"."platforms.windows-x64"]
checksum = "sha256:f114a26a519f580a9d27204b1210ba5869ed8219d7e23a732d41774d612af3b0"
url = "https://github.com/terraform-linters/tflint/releases/download/v0.61.0/tflint_windows_amd64.zip"
url_api = "https://api.github.com/repos/terraform-linters/tflint/releases/assets/352087725"

[[tools.go]]
version = "1.24.1"
backend = "core:go"

[tools.go."platforms.linux-x64"]
checksum = "sha256:cb2396bae64183cdccf81a9a6df0aea3bce9511fc21469fb89a0c00470088073"
url = "https://dl.google.com/go/go1.24.1.linux-amd64.tar.gz"

[tools.go."platforms.macos-arm64"]
checksum = "sha256:295581b5619acc92f5106e5bcb05c51869337eb19742fdfa6c8346c18e78ff88"
url = "https://dl.google.com/go/go1.24.1.darwin-arm64.tar.gz"

[tools.go."platforms.macos-x64"]
checksum = "sha256:addbfce2056744962e2d7436313ab93486660cf7a2e066d171b9d6f2da7c7abe"
url = "https://dl.google.com/go/go1.24.1.darwin-amd64.tar.gz"

[tools.go."platforms.windows-x64"]
checksum = "sha256:95666b551453209a2b8869d29d177285ff9573af10f085d961d7ae5440f645ce"
url = "https://dl.google.com/go/go1.24.1.windows-amd64.zip"

[[tools.go]]
version = "1.23.6"
backend = "core:go"

[tools.go."platforms.linux-x64"]
checksum = "sha256:9379441ea310de000f33a4dc767bd966e72ab2826270e038e78b2c53c2e7802d"
url = "https://dl.google.com/go/go1.23.6.linux-amd64.tar.gz"

[tools.go."platforms.linux-x64-baseline"]
checksum = "sha256:9379441ea310de000f33a4dc767bd966e72ab2826270e038e78b2c53c2e7802d"
url = "https://dl.google.com/go/go1.23.6.linux-amd64.tar.gz"

[tools.go."platforms.linux-x64-musl"]
checksum = "sha256:9379441ea310de000f33a4dc767bd966e72ab2826270e038e78b2c53c2e7802d"
url = "https://dl.google.com/go/go1.23.6.linux-amd64.tar.gz"

[tools.go."platforms.linux-x64-musl-baseline"]
checksum = "sha256:9379441ea310de000f33a4dc767bd966e72ab2826270e038e78b2c53c2e7802d"
url = "https://dl.google.com/go/go1.23.6.linux-amd64.tar.gz"

[tools.go."platforms.macos-arm64"]
checksum = "sha256:5cae2450a1708aeb0333237a155640d5562abaf195defebc4306054565536221"
url = "https://dl.google.com/go/go1.23.6.darwin-arm64.tar.gz"

[tools.go."platforms.macos-x64"]
checksum = "sha256:782da50ce8ec5e98fac2cd3cdc6a1d7130d093294fc310038f651444232a3fb0"
url = "https://dl.google.com/go/go1.23.6.darwin-amd64.tar.gz"

[tools.go."platforms.macos-x64-baseline"]
checksum = "sha256:782da50ce8ec5e98fac2cd3cdc6a1d7130d093294fc310038f651444232a3fb0"
url = "https://dl.google.com/go/go1.23.6.darwin-amd64.tar.gz"

[tools.go."platforms.windows-x64"]
checksum = "sha256:53fec1586850b2cf5ad6438341ff7adc5f6700dd3ec1cfa3f5e8b141df190243"
url = "https://dl.google.com/go/go1.23.6.windows-amd64.zip"

[tools.go."platforms.windows-x64-baseline"]
checksum = "sha256:53fec1586850b2cf5ad6438341ff7adc5f6700dd3ec1cfa3f5e8b141df190243"
url = "https://dl.google.com/go/go1.23.6.windows-amd64.zip"

[[tools."go:github.com/google/osv-scanner/v2/cmd/osv-scanner"]]
version = "2.3.5"
backend = "go:github.com/google/osv-scanner/v2/cmd/osv-scanner"

[[tools."go:golang.org/x/vuln/cmd/govulncheck"]]
version = "1.1.4"
backend = "go:golang.org/x/vuln/cmd/govulncheck"

[[tools.java]]
version = "21.0.2"
backend = "core:java"

[[tools.kotlin]]
version = "2.1.20"
backend = "github:JetBrains/kotlin"

[tools.kotlin.options]
asset_pattern = "kotlin-compiler-*.zip"

[tools.kotlin."platforms.linux-x64"]
checksum = "sha256:a118197b0de55ffab2bc8d5cd03a5e39033cfb53383d6931bc761dec0784891a"
url = "https://github.com/JetBrains/kotlin/releases/download/v2.1.20/kotlin-compiler-2.1.20.zip"
url_api = "https://api.github.com/repos/JetBrains/kotlin/releases/assets/238971897"

[tools.kotlin."platforms.macos-arm64"]
checksum = "sha256:a118197b0de55ffab2bc8d5cd03a5e39033cfb53383d6931bc761dec0784891a"
url = "https://github.com/JetBrains/kotlin/releases/download/v2.1.20/kotlin-compiler-2.1.20.zip"
url_api = "https://api.github.com/repos/JetBrains/kotlin/releases/assets/238971897"

[tools.kotlin."platforms.macos-x64"]
checksum = "sha256:a118197b0de55ffab2bc8d5cd03a5e39033cfb53383d6931bc761dec0784891a"
url = "https://github.com/JetBrains/kotlin/releases/download/v2.1.20/kotlin-compiler-2.1.20.zip"
url_api = "https://api.github.com/repos/JetBrains/kotlin/releases/assets/238971897"

[tools.kotlin."platforms.windows-x64"]
checksum = "sha256:a118197b0de55ffab2bc8d5cd03a5e39033cfb53383d6931bc761dec0784891a"
url = "https://github.com/JetBrains/kotlin/releases/download/v2.1.20/kotlin-compiler-2.1.20.zip"
url_api = "https://api.github.com/repos/JetBrains/kotlin/releases/assets/238971897"

[[tools."npm:@naturalcycles/ktlint"]]
version = "1.12.0"
backend = "npm:@naturalcycles/ktlint"

[[tools."npm:@stoplight/spectral-cli"]]
version = "6.15.0"
backend = "npm:@stoplight/spectral-cli"

[[tools."npm:assemblyscript"]]
version = "0.27.31"
backend = "npm:assemblyscript"

[[tools."npm:bats"]]
version = "1.13.0"
backend = "npm:bats"

[[tools."npm:stylelint"]]
version = "16.26.1"
backend = "npm:stylelint"

[[tools."npm:stylelint-config-standard"]]
version = "37.0.0"
backend = "npm:stylelint-config-standard"

[[tools."npm:vitepress"]]
version = "1.6.4"
backend = "npm:vitepress"

[[tools."pipx:ansible-lint"]]
version = "26.1.1"
backend = "pipx:ansible-lint"

[[tools."pipx:pip-audit"]]
version = "2.8.0"
backend = "pipx:pip-audit"

[[tools."pipx:zizmor"]]
version = "1.3.1"
backend = "pipx:zizmor"

[[tools.ruby]]
version = "3.2.10"
backend = "core:ruby"

[tools.ruby."platforms.linux-x64"]
checksum = "sha256:880acb05e08da8c559c56a13e512bae1b472da67c72ebb750c765f9c2134e689"
url = "https://cache.ruby-lang.org/pub/ruby/3.2/ruby-3.2.10.tar.gz"

[tools.ruby."platforms.linux-x64-baseline"]
checksum = "sha256:880acb05e08da8c559c56a13e512bae1b472da67c72ebb750c765f9c2134e689"
url = "https://cache.ruby-lang.org/pub/ruby/3.2/ruby-3.2.10.tar.gz"

[tools.ruby."platforms.linux-x64-musl"]
checksum = "sha256:880acb05e08da8c559c56a13e512bae1b472da67c72ebb750c765f9c2134e689"
url = "https://cache.ruby-lang.org/pub/ruby/3.2/ruby-3.2.10.tar.gz"

[tools.ruby."platforms.linux-x64-musl-baseline"]
checksum = "sha256:880acb05e08da8c559c56a13e512bae1b472da67c72ebb750c765f9c2134e689"
url = "https://cache.ruby-lang.org/pub/ruby/3.2/ruby-3.2.10.tar.gz"

[tools.ruby."platforms.macos-arm64"]
checksum = "sha256:880acb05e08da8c559c56a13e512bae1b472da67c72ebb750c765f9c2134e689"
url = "https://cache.ruby-lang.org/pub/ruby/3.2/ruby-3.2.10.tar.gz"

[tools.ruby."platforms.macos-x64"]
checksum = "sha256:880acb05e08da8c559c56a13e512bae1b472da67c72ebb750c765f9c2134e689"
url = "https://cache.ruby-lang.org/pub/ruby/3.2/ruby-3.2.10.tar.gz"

[tools.ruby."platforms.macos-x64-baseline"]
checksum = "sha256:880acb05e08da8c559c56a13e512bae1b472da67c72ebb750c765f9c2134e689"
url = "https://cache.ruby-lang.org/pub/ruby/3.2/ruby-3.2.10.tar.gz"

[tools.ruby."platforms.windows-x64"]
checksum = "sha256:ea3e293100399dc56c8c18eebbd081d638857f1066a8951d97f0e00af4137d30"
url = "https://github.com/oneclick/rubyinstaller2/releases/download/RubyInstaller-3.2.10-1/rubyinstaller-3.2.10-1-x64.7z"

[tools.ruby."platforms.windows-x64-baseline"]
url = "https://github.com/oneclick/rubyinstaller2/releases/download/RubyInstaller-3.2.10-1/rubyinstaller-3.2.10-1-x64.7z"

[[tools.rust]]
version = "1.85.0"
backend = "core:rust"

[[tools.zig]]
version = "0.14.0"
backend = "core:zig"

[tools.zig."platforms.linux-x64"]
checksum = "sha256:473ec26806133cf4d1918caf1a410f8403a13d979726a9045b421b685031a982"
url = "https://ziglang.org/download/0.14.0/zig-linux-x86_64-0.14.0.tar.xz"

[tools.zig."platforms.linux-x64-baseline"]
checksum = "sha256:473ec26806133cf4d1918caf1a410f8403a13d979726a9045b421b685031a982"
url = "https://ziglang.org/download/0.14.0/zig-linux-x86_64-0.14.0.tar.xz"

[tools.zig."platforms.linux-x64-musl"]
checksum = "sha256:473ec26806133cf4d1918caf1a410f8403a13d979726a9045b421b685031a982"
url = "https://ziglang.org/download/0.14.0/zig-linux-x86_64-0.14.0.tar.xz"

[tools.zig."platforms.linux-x64-musl-baseline"]
checksum = "sha256:473ec26806133cf4d1918caf1a410f8403a13d979726a9045b421b685031a982"
url = "https://ziglang.org/download/0.14.0/zig-linux-x86_64-0.14.0.tar.xz"

[tools.zig."platforms.macos-arm64"]
checksum = "sha256:b71e4b7c4b4be9953657877f7f9e6f7ee89114c716da7c070f4a238220e95d7e"
url = "https://ziglang.org/download/0.14.0/zig-macos-aarch64-0.14.0.tar.xz"

[tools.zig."platforms.macos-x64"]
checksum = "sha256:685816166f21f0b8d6fc7aa6a36e91396dcd82ca6556dfbe3e329deffc01fec3"
url = "https://ziglang.org/download/0.14.0/zig-macos-x86_64-0.14.0.tar.xz"

[tools.zig."platforms.macos-x64-baseline"]
checksum = "sha256:685816166f21f0b8d6fc7aa6a36e91396dcd82ca6556dfbe3e329deffc01fec3"
url = "https://ziglang.org/download/0.14.0/zig-macos-x86_64-0.14.0.tar.xz"

[tools.zig."platforms.windows-x64"]
checksum = "sha256:f53e5f9011ba20bbc3e0e6d0a9441b31eb227a97bac0e7d24172f1b8b27b4371"
url = "https://ziglang.org/download/0.14.0/zig-windows-x86_64-0.14.0.zip"

[tools.zig."platforms.windows-x64-baseline"]
checksum = "sha256:f53e5f9011ba20bbc3e0e6d0a9441b31eb227a97bac0e7d24172f1b8b27b4371"
url = "https://ziglang.org/download/0.14.0/zig-windows-x86_64-0.14.0.zip"
