# @generated - this file is auto-generated by `mise lock` https://mise.jdx.dev/dev-tools/mise-lock.html

[[tools."github:astral-sh/ruff"]]
version = "0.15.9"
backend = "github:astral-sh/ruff"

[tools."github:astral-sh/ruff"."platforms.linux-arm64"]
checksum = "sha256:ea71b14433318bed364e0dbb04203e57027cf134ab909d5e452be28d87d0fd08"
url = "https://github.com/astral-sh/ruff/releases/download/0.15.9/ruff-aarch64-unknown-linux-gnu.tar.gz"
url_api = "https://api.github.com/repos/astral-sh/ruff/releases/assets/387190747"
provenance = "github-attestations"

[tools."github:astral-sh/ruff"."platforms.linux-arm64-musl"]
checksum = "sha256:e017dd0c1fd7475aaddc49bde8cddcee3c27d42f6ce139a96df0c1022e06d85b"
url = "https://github.com/astral-sh/ruff/releases/download/0.15.9/ruff-aarch64-unknown-linux-musl.tar.gz"
url_api = "https://api.github.com/repos/astral-sh/ruff/releases/assets/387190750"
provenance = "github-attestations"

[tools."github:astral-sh/ruff"."platforms.linux-x64"]
checksum = "sha256:223ce40fbea2245b0a650abf9f5093a6009b56a04e5e63c036f446cab328dcf7"
url = "https://github.com/astral-sh/ruff/releases/download/0.15.9/ruff-x86_64-unknown-linux-gnu.tar.gz"
url_api = "https://api.github.com/repos/astral-sh/ruff/releases/assets/387190863"
provenance = "github-attestations"

[tools."github:astral-sh/ruff"."platforms.linux-x64-musl"]
checksum = "sha256:e30e6e50dbf925b42335f28e2fa296d404294f294159b314dca47b88317fc477"
url = "https://github.com/astral-sh/ruff/releases/download/0.15.9/ruff-x86_64-unknown-linux-musl.tar.gz"
url_api = "https://api.github.com/repos/astral-sh/ruff/releases/assets/387190869"
provenance = "github-attestations"

[tools."github:astral-sh/ruff"."platforms.macos-arm64"]
checksum = "sha256:013d878f17c625550e4a6b19235c22fc229639f66f563bb72cb2c896aeca11e8"
url = "https://github.com/astral-sh/ruff/releases/download/0.15.9/ruff-aarch64-apple-darwin.tar.gz"
url_api = "https://api.github.com/repos/astral-sh/ruff/releases/assets/387190740"
provenance = "github-attestations"

[tools."github:astral-sh/ruff"."platforms.macos-x64"]
checksum = "sha256:7e0fe9daba25848f85cb3d43e47ecd7d23f14e92e8799f92c1bcd8319a4ce4f8"
url = "https://github.com/astral-sh/ruff/releases/download/0.15.9/ruff-x86_64-apple-darwin.tar.gz"
url_api = "https://api.github.com/repos/astral-sh/ruff/releases/assets/387190856"
provenance = "github-attestations"

[tools."github:astral-sh/ruff"."platforms.windows-x64"]
checksum = "sha256:e38fddd19805bc8f7329003c2abdaf49d8ca9e5bc0c6702e8472e16f127bcd44"
url = "https://github.com/astral-sh/ruff/releases/download/0.15.9/ruff-x86_64-pc-windows-msvc.zip"
url_api = "https://api.github.com/repos/astral-sh/ruff/releases/assets/387190857"
provenance = "github-attestations"

[[tools."github:checkmake/checkmake"]]
version = "0.3.2"
backend = "github:checkmake/checkmake"

[[tools."github:cli/cli"]]
version = "2.89.0"
backend = "github:cli/cli"

[tools."github:cli/cli"."platforms.linux-arm64"]
checksum = "sha256:9e64a623dfc242990aa5d9b3f507111149c4282f66b68eaad1dc79eeb13b9ce5"
url = "https://github.com/cli/cli/releases/download/v2.89.0/gh_2.89.0_linux_arm64.tar.gz"
url_api = "https://api.github.com/repos/cli/cli/releases/assets/382152834"
provenance = "github-attestations"

[tools."github:cli/cli"."platforms.linux-arm64-musl"]
checksum = "sha256:9e64a623dfc242990aa5d9b3f507111149c4282f66b68eaad1dc79eeb13b9ce5"
url = "https://github.com/cli/cli/releases/download/v2.89.0/gh_2.89.0_linux_arm64.tar.gz"
url_api = "https://api.github.com/repos/cli/cli/releases/assets/382152834"
provenance = "github-attestations"

[tools."github:cli/cli"."platforms.linux-x64"]
checksum = "sha256:d0422caade520530e76c1c558da47daebaa8e1203d6b7ff10ad7d6faba3490d8"
url = "https://github.com/cli/cli/releases/download/v2.89.0/gh_2.89.0_linux_amd64.tar.gz"
url_api = "https://api.github.com/repos/cli/cli/releases/assets/382152824"
provenance = "github-attestations"

[tools."github:cli/cli"."platforms.linux-x64-musl"]
checksum = "sha256:d0422caade520530e76c1c558da47daebaa8e1203d6b7ff10ad7d6faba3490d8"
url = "https://github.com/cli/cli/releases/download/v2.89.0/gh_2.89.0_linux_amd64.tar.gz"
url_api = "https://api.github.com/repos/cli/cli/releases/assets/382152824"
provenance = "github-attestations"

[tools."github:cli/cli"."platforms.macos-arm64"]
checksum = "sha256:2423d02ec0a2094898c378703a1b28a5846c08700f87461363857cb8cb3fda94"
url = "https://github.com/cli/cli/releases/download/v2.89.0/gh_2.89.0_macOS_arm64.zip"
url_api = "https://api.github.com/repos/cli/cli/releases/assets/382152851"
provenance = "github-attestations"

[tools."github:cli/cli"."platforms.macos-x64"]
checksum = "sha256:862e21cac6a71f81e7cd6e5127e3cd344f8537441ad2db94cd208319dd17b6e9"
url = "https://github.com/cli/cli/releases/download/v2.89.0/gh_2.89.0_macOS_amd64.zip"
url_api = "https://api.github.com/repos/cli/cli/releases/assets/382152850"
provenance = "github-attestations"

[tools."github:cli/cli"."platforms.windows-x64"]
checksum = "sha256:f3326f6406c98c99701b257d77e2b040eedf83d0176c2c2e9809aa339ceb467e"
url = "https://github.com/cli/cli/releases/download/v2.89.0/gh_2.89.0_windows_amd64.zip"
url_api = "https://api.github.com/repos/cli/cli/releases/assets/382152866"
provenance = "github-attestations"

[[tools."github:dotenv-linter/dotenv-linter"]]
version = "4.0.0"
backend = "github:dotenv-linter/dotenv-linter"

[tools."github:dotenv-linter/dotenv-linter"."platforms.linux-arm64"]
checksum = "sha256:819153e4f43ce016ebd076653e611431d5207e4fa5623a83028dfca92b1c3201"
url = "https://github.com/dotenv-linter/dotenv-linter/releases/download/v4.0.0/dotenv-linter-alpine-aarch64.tar.gz"
url_api = "https://api.github.com/repos/dotenv-linter/dotenv-linter/releases/assets/305835510"

[tools."github:dotenv-linter/dotenv-linter"."platforms.linux-arm64-musl"]
checksum = "sha256:819153e4f43ce016ebd076653e611431d5207e4fa5623a83028dfca92b1c3201"
url = "https://github.com/dotenv-linter/dotenv-linter/releases/download/v4.0.0/dotenv-linter-alpine-aarch64.tar.gz"
url_api = "https://api.github.com/repos/dotenv-linter/dotenv-linter/releases/assets/305835510"

[tools."github:dotenv-linter/dotenv-linter"."platforms.linux-x64"]
checksum = "sha256:88a9f2ccfbfea621e5b4691246c419de71d79c7596def888849496695cd8a082"
url = "https://github.com/dotenv-linter/dotenv-linter/releases/download/v4.0.0/dotenv-linter-alpine-x86_64.tar.gz"
url_api = "https://api.github.com/repos/dotenv-linter/dotenv-linter/releases/assets/305835425"

[tools."github:dotenv-linter/dotenv-linter"."platforms.linux-x64-musl"]
checksum = "sha256:88a9f2ccfbfea621e5b4691246c419de71d79c7596def888849496695cd8a082"
url = "https://github.com/dotenv-linter/dotenv-linter/releases/download/v4.0.0/dotenv-linter-alpine-x86_64.tar.gz"
url_api = "https://api.github.com/repos/dotenv-linter/dotenv-linter/releases/assets/305835425"

[tools."github:dotenv-linter/dotenv-linter"."platforms.macos-arm64"]
checksum = "sha256:430ed45983cfc1d242cae959ec4b3b2df43fa1aff07d7750cc836d2f6479799a"
url = "https://github.com/dotenv-linter/dotenv-linter/releases/download/v4.0.0/dotenv-linter-darwin-arm64.tar.gz"
url_api = "https://api.github.com/repos/dotenv-linter/dotenv-linter/releases/assets/305835009"

[tools."github:dotenv-linter/dotenv-linter"."platforms.macos-x64"]
checksum = "sha256:143361bcd3c859cac0b16a6eaa51f3f69f270f17a55431e2e44d76722a7f0271"
url = "https://github.com/dotenv-linter/dotenv-linter/releases/download/v4.0.0/dotenv-linter-darwin-x86_64.tar.gz"
url_api = "https://api.github.com/repos/dotenv-linter/dotenv-linter/releases/assets/305835361"

[tools."github:dotenv-linter/dotenv-linter"."platforms.windows-x64"]
checksum = "sha256:771214659b86d2de5c8c5214e6d59484ceb0de8a87037d488ce37d6ca6f6cc1a"
url = "https://github.com/dotenv-linter/dotenv-linter/releases/download/v4.0.0/dotenv-linter-win-x64.zip"
url_api = "https://api.github.com/repos/dotenv-linter/dotenv-linter/releases/assets/305835598"

[[tools."github:editorconfig-checker/editorconfig-checker"]]
version = "3.6.1"
backend = "github:editorconfig-checker/editorconfig-checker"

[tools."github:editorconfig-checker/editorconfig-checker"."platforms.linux-arm64"]
checksum = "sha256:a471181b0741982afa4f3dbc1e433b6caa0c5e6daad580572841884fd9957220"
url = "https://github.com/editorconfig-checker/editorconfig-checker/releases/download/v3.6.1/ec-linux-arm64.tar.gz"
url_api = "https://api.github.com/repos/editorconfig-checker/editorconfig-checker/releases/assets/347316233"

[tools."github:editorconfig-checker/editorconfig-checker"."platforms.linux-arm64-musl"]
checksum = "sha256:a471181b0741982afa4f3dbc1e433b6caa0c5e6daad580572841884fd9957220"
url = "https://github.com/editorconfig-checker/editorconfig-checker/releases/download/v3.6.1/ec-linux-arm64.tar.gz"
url_api = "https://api.github.com/repos/editorconfig-checker/editorconfig-checker/releases/assets/347316233"

[tools."github:editorconfig-checker/editorconfig-checker"."platforms.linux-x64"]
checksum = "sha256:cd32084fce5f3d49ba49697f362ac3a114989715c98819303247dd54c1f368b0"
url = "https://github.com/editorconfig-checker/editorconfig-checker/releases/download/v3.6.1/ec-linux-amd64.tar.gz"
url_api = "https://api.github.com/repos/editorconfig-checker/editorconfig-checker/releases/assets/347316237"

[tools."github:editorconfig-checker/editorconfig-checker"."platforms.linux-x64-musl"]
checksum = "sha256:cd32084fce5f3d49ba49697f362ac3a114989715c98819303247dd54c1f368b0"
url = "https://github.com/editorconfig-checker/editorconfig-checker/releases/download/v3.6.1/ec-linux-amd64.tar.gz"
url_api = "https://api.github.com/repos/editorconfig-checker/editorconfig-checker/releases/assets/347316237"

[tools."github:editorconfig-checker/editorconfig-checker"."platforms.macos-arm64"]
checksum = "sha256:64f6006e4ae880ef140ac175f30b5b4cab72fa92b3708d9104006441fb7ed723"
url = "https://github.com/editorconfig-checker/editorconfig-checker/releases/download/v3.6.1/ec-darwin-arm64.tar.gz"
url_api = "https://api.github.com/repos/editorconfig-checker/editorconfig-checker/releases/assets/347316236"

[tools."github:editorconfig-checker/editorconfig-checker"."platforms.macos-x64"]
checksum = "sha256:6d7882e2f8a0884953f6bb8782b482ce8a6dd4ab2f25086a57046ef937f7625d"
url = "https://github.com/editorconfig-checker/editorconfig-checker/releases/download/v3.6.1/ec-darwin-amd64.tar.gz"
url_api = "https://api.github.com/repos/editorconfig-checker/editorconfig-checker/releases/assets/347316232"

[tools."github:editorconfig-checker/editorconfig-checker"."platforms.windows-x64"]
checksum = "sha256:cdd3899ebd60277b10e188c78915ea098a10a1a441a04e3ed2a5a99eb968a838"
url = "https://github.com/editorconfig-checker/editorconfig-checker/releases/download/v3.6.1/ec-windows-amd64.zip"
url_api = "https://api.github.com/repos/editorconfig-checker/editorconfig-checker/releases/assets/347316229"

[[tools."github:gitleaks/gitleaks"]]
version = "8.30.1"
backend = "github:gitleaks/gitleaks"

[tools."github:gitleaks/gitleaks"."platforms.linux-arm64"]
checksum = "sha256:e4a487ee7ccd7d3a7f7ec08657610aa3606637dab924210b3aee62570fb4b080"
url = "https://github.com/gitleaks/gitleaks/releases/download/v8.30.1/gitleaks_8.30.1_linux_arm64.tar.gz"
url_api = "https://api.github.com/repos/gitleaks/gitleaks/releases/assets/378332057"

[tools."github:gitleaks/gitleaks"."platforms.linux-arm64-musl"]
checksum = "sha256:e4a487ee7ccd7d3a7f7ec08657610aa3606637dab924210b3aee62570fb4b080"
url = "https://github.com/gitleaks/gitleaks/releases/download/v8.30.1/gitleaks_8.30.1_linux_arm64.tar.gz"
url_api = "https://api.github.com/repos/gitleaks/gitleaks/releases/assets/378332057"

[tools."github:gitleaks/gitleaks"."platforms.linux-x64"]
checksum = "sha256:551f6fc83ea457d62a0d98237cbad105af8d557003051f41f3e7ca7b3f2470eb"
url = "https://github.com/gitleaks/gitleaks/releases/download/v8.30.1/gitleaks_8.30.1_linux_x64.tar.gz"
url_api = "https://api.github.com/repos/gitleaks/gitleaks/releases/assets/378332058"

[tools."github:gitleaks/gitleaks"."platforms.linux-x64-musl"]
checksum = "sha256:551f6fc83ea457d62a0d98237cbad105af8d557003051f41f3e7ca7b3f2470eb"
url = "https://github.com/gitleaks/gitleaks/releases/download/v8.30.1/gitleaks_8.30.1_linux_x64.tar.gz"
url_api = "https://api.github.com/repos/gitleaks/gitleaks/releases/assets/378332058"

[tools."github:gitleaks/gitleaks"."platforms.macos-arm64"]
checksum = "sha256:b40ab0ae55c505963e365f271a8d3846efbc170aa17f2607f13df610a9aeb6a5"
url = "https://github.com/gitleaks/gitleaks/releases/download/v8.30.1/gitleaks_8.30.1_darwin_arm64.tar.gz"
url_api = "https://api.github.com/repos/gitleaks/gitleaks/releases/assets/378332059"

[tools."github:gitleaks/gitleaks"."platforms.macos-x64"]
checksum = "sha256:dfe101a4db2255fc85120ac7f3d25e4342c3c20cf749f2c20a18081af1952709"
url = "https://github.com/gitleaks/gitleaks/releases/download/v8.30.1/gitleaks_8.30.1_darwin_x64.tar.gz"
url_api = "https://api.github.com/repos/gitleaks/gitleaks/releases/assets/378332053"

[tools."github:gitleaks/gitleaks"."platforms.windows-x64"]
checksum = "sha256:d29144deff3a68aa93ced33dddf84b7fdc26070add4aa0f4513094c8332afc4e"
url = "https://github.com/gitleaks/gitleaks/releases/download/v8.30.1/gitleaks_8.30.1_windows_x64.zip"
url_api = "https://api.github.com/repos/gitleaks/gitleaks/releases/assets/378333178"

[[tools."github:google/addlicense"]]
version = "1.2.0"
backend = "github:google/addlicense"

[tools."github:google/addlicense"."platforms.linux-arm64"]
checksum = "sha256:b14dde867a6dbcd41fdf45096831bc0f6500bf0134693d38c56701e179f3f353"
url = "https://github.com/google/addlicense/releases/download/v1.2.0/addlicense_v1.2.0_Linux_arm64.tar.gz"
url_api = "https://api.github.com/repos/google/addlicense/releases/assets/282300422"

[tools."github:google/addlicense"."platforms.linux-arm64-musl"]
checksum = "sha256:b14dde867a6dbcd41fdf45096831bc0f6500bf0134693d38c56701e179f3f353"
url = "https://github.com/google/addlicense/releases/download/v1.2.0/addlicense_v1.2.0_Linux_arm64.tar.gz"
url_api = "https://api.github.com/repos/google/addlicense/releases/assets/282300422"

[tools."github:google/addlicense"."platforms.linux-x64"]
checksum = "sha256:6924296771234b1ba6c969e109b4459cff75e15b259676b61df874a92734b242"
url = "https://github.com/google/addlicense/releases/download/v1.2.0/addlicense_v1.2.0_Linux_x86_64.tar.gz"
url_api = "https://api.github.com/repos/google/addlicense/releases/assets/282300421"

[tools."github:google/addlicense"."platforms.linux-x64-musl"]
checksum = "sha256:6924296771234b1ba6c969e109b4459cff75e15b259676b61df874a92734b242"
url = "https://github.com/google/addlicense/releases/download/v1.2.0/addlicense_v1.2.0_Linux_x86_64.tar.gz"
url_api = "https://api.github.com/repos/google/addlicense/releases/assets/282300421"

[tools."github:google/addlicense"."platforms.macos-arm64"]
checksum = "sha256:0597305c619f7349748e830e38322dbe7d13cf86cf415b289c70f5cecbb4bf63"
url = "https://github.com/google/addlicense/releases/download/v1.2.0/addlicense_v1.2.0_macOS_arm64.tar.gz"
url_api = "https://api.github.com/repos/google/addlicense/releases/assets/282300420"

[tools."github:google/addlicense"."platforms.macos-x64"]
checksum = "sha256:335b47a28bab66e39494222f711c22b140d14d6f6d0a08ab9ea7c6f315588c83"
url = "https://github.com/google/addlicense/releases/download/v1.2.0/addlicense_v1.2.0_macOS_x86_64.tar.gz"
url_api = "https://api.github.com/repos/google/addlicense/releases/assets/282300427"

[tools."github:google/addlicense"."platforms.windows-x64"]
checksum = "sha256:fe4f4a54daa4a750ffa7d1b0da471d077ac24f09d04d7c1f307e7b7950969d25"
url = "https://github.com/google/addlicense/releases/download/v1.2.0/addlicense_v1.2.0_Windows_x86_64.zip"
url_api = "https://api.github.com/repos/google/addlicense/releases/assets/282300418"

[[tools."github:google/osv-scanner"]]
version = "2.3.5"
backend = "github:google/osv-scanner"

[tools."github:google/osv-scanner"."platforms.linux-arm64"]
checksum = "sha256:fa46ad2b3954db5d5335303d45de921613393285d9a93c140b63b40e35e9ce50"
url = "https://github.com/google/osv-scanner/releases/download/v2.3.5/osv-scanner_linux_arm64"
url_api = "https://api.github.com/repos/google/osv-scanner/releases/assets/380248755"
provenance = "slsa"

[tools."github:google/osv-scanner"."platforms.linux-arm64-musl"]
checksum = "sha256:fa46ad2b3954db5d5335303d45de921613393285d9a93c140b63b40e35e9ce50"
url = "https://github.com/google/osv-scanner/releases/download/v2.3.5/osv-scanner_linux_arm64"
url_api = "https://api.github.com/repos/google/osv-scanner/releases/assets/380248755"
provenance = "slsa"

[tools."github:google/osv-scanner"."platforms.linux-x64"]
checksum = "sha256:bb30c580afe5e757d3e959f4afd08a4795ea505ef84c46962b9a738aa573b41b"
url = "https://github.com/google/osv-scanner/releases/download/v2.3.5/osv-scanner_linux_amd64"
url_api = "https://api.github.com/repos/google/osv-scanner/releases/assets/380248788"

[tools."github:google/osv-scanner"."platforms.linux-x64-musl"]
checksum = "sha256:bb30c580afe5e757d3e959f4afd08a4795ea505ef84c46962b9a738aa573b41b"
url = "https://github.com/google/osv-scanner/releases/download/v2.3.5/osv-scanner_linux_amd64"
url_api = "https://api.github.com/repos/google/osv-scanner/releases/assets/380248788"
provenance = "slsa"

[tools."github:google/osv-scanner"."platforms.macos-arm64"]
checksum = "sha256:b740efe0b08fb817865e818a498997d5f042f14b8eeafb6393176ce84dd09cf6"
url = "https://github.com/google/osv-scanner/releases/download/v2.3.5/osv-scanner_darwin_arm64"
url_api = "https://api.github.com/repos/google/osv-scanner/releases/assets/380248752"
provenance = "slsa"

[tools."github:google/osv-scanner"."platforms.macos-x64"]
checksum = "sha256:3b1c72d59dcbad99fa4eb2c72bf2e82017f83e0268340e4b00af76a1fea32c85"
url = "https://github.com/google/osv-scanner/releases/download/v2.3.5/osv-scanner_darwin_amd64"
url_api = "https://api.github.com/repos/google/osv-scanner/releases/assets/380248790"
provenance = "slsa"

[tools."github:google/osv-scanner"."platforms.windows-x64"]
checksum = "sha256:b165d33c08bda663119a459f5187e096d2525f888503495f5f34925741e981a2"
url = "https://github.com/google/osv-scanner/releases/download/v2.3.5/osv-scanner_windows_amd64.exe"
url_api = "https://api.github.com/repos/google/osv-scanner/releases/assets/380248754"
provenance = "slsa"

[[tools."github:hadolint/hadolint"]]
version = "2.14.0"
backend = "github:hadolint/hadolint"

[tools."github:hadolint/hadolint"."platforms.linux-arm64"]
checksum = "sha256:331f1d3511b84a4f1e3d18d52fec284723e4019552f4f47b19322a53ce9a40ed"
url = "https://github.com/hadolint/hadolint/releases/download/v2.14.0/hadolint-linux-arm64"
url_api = "https://api.github.com/repos/hadolint/hadolint/releases/assets/295944081"

[tools."github:hadolint/hadolint"."platforms.linux-arm64-musl"]
checksum = "sha256:331f1d3511b84a4f1e3d18d52fec284723e4019552f4f47b19322a53ce9a40ed"
url = "https://github.com/hadolint/hadolint/releases/download/v2.14.0/hadolint-linux-arm64"
url_api = "https://api.github.com/repos/hadolint/hadolint/releases/assets/295944081"

[tools."github:hadolint/hadolint"."platforms.linux-x64"]
checksum = "sha256:6bf226944684f56c84dd014e8b979d27425c0148f61b3bd99bcc6f39e9dc5a47"
url = "https://github.com/hadolint/hadolint/releases/download/v2.14.0/hadolint-linux-x86_64"
url_api = "https://api.github.com/repos/hadolint/hadolint/releases/assets/295944080"

[tools."github:hadolint/hadolint"."platforms.linux-x64-musl"]
checksum = "sha256:6bf226944684f56c84dd014e8b979d27425c0148f61b3bd99bcc6f39e9dc5a47"
url = "https://github.com/hadolint/hadolint/releases/download/v2.14.0/hadolint-linux-x86_64"
url_api = "https://api.github.com/repos/hadolint/hadolint/releases/assets/295944080"

[tools."github:hadolint/hadolint"."platforms.macos-arm64"]
checksum = "sha256:3625e2e9f43dcfe7bd38738a5f5520ed50ce39ed28485266e6803dd7bc197b10"
url = "https://github.com/hadolint/hadolint/releases/download/v2.14.0/hadolint-macos-arm64"
url_api = "https://api.github.com/repos/hadolint/hadolint/releases/assets/295944077"

[tools."github:hadolint/hadolint"."platforms.macos-x64"]
checksum = "sha256:2b69a853433f1eca522ffb921cd490bd1321424d03331fd8390f93b7fb4a02e9"
url = "https://github.com/hadolint/hadolint/releases/download/v2.14.0/hadolint-macos-x86_64"
url_api = "https://api.github.com/repos/hadolint/hadolint/releases/assets/295944082"

[tools."github:hadolint/hadolint"."platforms.windows-x64"]
checksum = "sha256:8e0ee174f88edb14f207a68430c7a53c2883ed509cdbde9a3a26fffa140fa5e4"
url = "https://github.com/hadolint/hadolint/releases/download/v2.14.0/hadolint-windows-x86_64.exe"
url_api = "https://api.github.com/repos/hadolint/hadolint/releases/assets/295944079"

[[tools."github:koalaman/shellcheck"]]
version = "0.11.0"
backend = "github:koalaman/shellcheck"

[tools."github:koalaman/shellcheck"."platforms.linux-arm64"]
checksum = "sha256:68a8133197a50beb8803f8d42f9908d1af1c5540d4bb05fdfca8c1fa47decefc"
url = "https://github.com/koalaman/shellcheck/releases/download/v0.11.0/shellcheck-v0.11.0.linux.aarch64.tar.gz"
url_api = "https://api.github.com/repos/koalaman/shellcheck/releases/assets/336391401"

[tools."github:koalaman/shellcheck"."platforms.linux-arm64-musl"]
checksum = "sha256:68a8133197a50beb8803f8d42f9908d1af1c5540d4bb05fdfca8c1fa47decefc"
url = "https://github.com/koalaman/shellcheck/releases/download/v0.11.0/shellcheck-v0.11.0.linux.aarch64.tar.gz"
url_api = "https://api.github.com/repos/koalaman/shellcheck/releases/assets/336391401"

[tools."github:koalaman/shellcheck"."platforms.linux-x64"]
checksum = "sha256:b7af85e41cc99489dcc21d66c6d5f3685138f06d34651e6d34b42ec6d54fe6f6"
url = "https://github.com/koalaman/shellcheck/releases/download/v0.11.0/shellcheck-v0.11.0.linux.x86_64.tar.gz"
url_api = "https://api.github.com/repos/koalaman/shellcheck/releases/assets/336391469"

[tools."github:koalaman/shellcheck"."platforms.linux-x64-musl"]
checksum = "sha256:b7af85e41cc99489dcc21d66c6d5f3685138f06d34651e6d34b42ec6d54fe6f6"
url = "https://github.com/koalaman/shellcheck/releases/download/v0.11.0/shellcheck-v0.11.0.linux.x86_64.tar.gz"
url_api = "https://api.github.com/repos/koalaman/shellcheck/releases/assets/336391469"

[tools."github:koalaman/shellcheck"."platforms.macos-arm64"]
checksum = "sha256:339b930feb1ea764467013cc1f72d09cd6b869ebf1013296ba9055ab2ffbd26f"
url = "https://github.com/koalaman/shellcheck/releases/download/v0.11.0/shellcheck-v0.11.0.darwin.aarch64.tar.gz"
url_api = "https://api.github.com/repos/koalaman/shellcheck/releases/assets/336391359"

[tools."github:koalaman/shellcheck"."platforms.macos-x64"]
checksum = "sha256:c2c15e08df0e8fbc374c335b230a7ee958c313fa5714817a59aa59f1aa594f51"
url = "https://github.com/koalaman/shellcheck/releases/download/v0.11.0/shellcheck-v0.11.0.darwin.x86_64.tar.gz"
url_api = "https://api.github.com/repos/koalaman/shellcheck/releases/assets/336391375"

[tools."github:koalaman/shellcheck"."platforms.windows-x64"]
checksum = "sha256:8a4e35ab0b331c85d73567b12f2a444df187f483e5079ceffa6bda1faa2e740e"
url = "https://github.com/koalaman/shellcheck/releases/download/v0.11.0/shellcheck-v0.11.0.zip"
url_api = "https://api.github.com/repos/koalaman/shellcheck/releases/assets/279056944"

[[tools."github:mrtazz/checkmake"]]
version = "0.3.2"
backend = "github:mrtazz/checkmake"

[tools."github:mrtazz/checkmake"."platforms.linux-arm64"]
checksum = "sha256:409167c4abb99407bd232c3bbd351b8a39df57997feafde5a08bddffb0f2dcb4"
url = "https://github.com/checkmake/checkmake/releases/download/v0.3.2/checkmake-v0.3.2.linux.arm64"
url_api = "https://api.github.com/repos/checkmake/checkmake/releases/assets/338779065"

[tools."github:mrtazz/checkmake"."platforms.linux-arm64-musl"]
checksum = "sha256:409167c4abb99407bd232c3bbd351b8a39df57997feafde5a08bddffb0f2dcb4"
url = "https://github.com/checkmake/checkmake/releases/download/v0.3.2/checkmake-v0.3.2.linux.arm64"
url_api = "https://api.github.com/repos/checkmake/checkmake/releases/assets/338779065"

[tools."github:mrtazz/checkmake"."platforms.linux-x64"]
checksum = "sha256:e2effb876913f3ee2caef0ba35f6202c5e8a3cd55a077d8d2b9ce2034257b6af"
url = "https://github.com/checkmake/checkmake/releases/download/v0.3.2/checkmake-v0.3.2.linux.amd64"
url_api = "https://api.github.com/repos/checkmake/checkmake/releases/assets/338779060"

[tools."github:mrtazz/checkmake"."platforms.linux-x64-musl"]
checksum = "sha256:e2effb876913f3ee2caef0ba35f6202c5e8a3cd55a077d8d2b9ce2034257b6af"
url = "https://github.com/checkmake/checkmake/releases/download/v0.3.2/checkmake-v0.3.2.linux.amd64"
url_api = "https://api.github.com/repos/checkmake/checkmake/releases/assets/338779060"

[tools."github:mrtazz/checkmake"."platforms.macos-arm64"]
checksum = "sha256:d5dab7169d1cb246b380ed5e7fc1e6aded301d453db258f858e774422d25961f"
url = "https://github.com/checkmake/checkmake/releases/download/v0.3.2/checkmake-v0.3.2.darwin.arm64"
url_api = "https://api.github.com/repos/checkmake/checkmake/releases/assets/338779063"

[tools."github:mrtazz/checkmake"."platforms.macos-x64"]
checksum = "sha256:82942043a4766b9fb3ffe6c77584df7d6c832bfa00571f234d257799f492fdd7"
url = "https://github.com/checkmake/checkmake/releases/download/v0.3.2/checkmake-v0.3.2.darwin.amd64"
url_api = "https://api.github.com/repos/checkmake/checkmake/releases/assets/338779062"

[tools."github:mrtazz/checkmake"."platforms.windows-x64"]
checksum = "sha256:6adf4bde2dbfe8001ecf2918abfe02f7a57191568f1d185537eccd9c59625dca"
url = "https://github.com/checkmake/checkmake/releases/download/v0.3.2/checkmake-v0.3.2.windows.amd64.exe"
url_api = "https://api.github.com/repos/checkmake/checkmake/releases/assets/338779103"

[[tools."github:mvdan/sh"]]
version = "3.13.1"
backend = "github:mvdan/sh"

[[tools."github:rhysd/actionlint"]]
version = "1.7.12"
backend = "github:rhysd/actionlint"

[tools."github:rhysd/actionlint"."platforms.linux-arm64"]
checksum = "sha256:325e971b6ba9bfa504672e29be93c24981eeb1c07576d730e9f7c8805afff0c6"
url = "https://github.com/rhysd/actionlint/releases/download/v1.7.12/actionlint_1.7.12_linux_arm64.tar.gz"
url_api = "https://api.github.com/repos/rhysd/actionlint/releases/assets/384924897"
provenance = "github-attestations"

[tools."github:rhysd/actionlint"."platforms.linux-arm64-musl"]
checksum = "sha256:325e971b6ba9bfa504672e29be93c24981eeb1c07576d730e9f7c8805afff0c6"
url = "https://github.com/rhysd/actionlint/releases/download/v1.7.12/actionlint_1.7.12_linux_arm64.tar.gz"
url_api = "https://api.github.com/repos/rhysd/actionlint/releases/assets/384924897"
provenance = "github-attestations"

[tools."github:rhysd/actionlint"."platforms.linux-x64"]
checksum = "sha256:8aca8db96f1b94770f1b0d72b6dddcb1ebb8123cb3712530b08cc387b349a3d8"
url = "https://github.com/rhysd/actionlint/releases/download/v1.7.12/actionlint_1.7.12_linux_amd64.tar.gz"
url_api = "https://api.github.com/repos/rhysd/actionlint/releases/assets/384924896"
provenance = "github-attestations"

[tools."github:rhysd/actionlint"."platforms.linux-x64-musl"]
checksum = "sha256:8aca8db96f1b94770f1b0d72b6dddcb1ebb8123cb3712530b08cc387b349a3d8"
url = "https://github.com/rhysd/actionlint/releases/download/v1.7.12/actionlint_1.7.12_linux_amd64.tar.gz"
url_api = "https://api.github.com/repos/rhysd/actionlint/releases/assets/384924896"
provenance = "github-attestations"

[tools."github:rhysd/actionlint"."platforms.macos-arm64"]
checksum = "sha256:aba9ced2dee8d27fecca3dc7feb1a7f9a52caefa1eb46f3271ea66b6e0e6953f"
url = "https://github.com/rhysd/actionlint/releases/download/v1.7.12/actionlint_1.7.12_darwin_arm64.tar.gz"
url_api = "https://api.github.com/repos/rhysd/actionlint/releases/assets/384924893"
provenance = "github-attestations"

[tools."github:rhysd/actionlint"."platforms.macos-x64"]
checksum = "sha256:5b44c3bc2255115c9b69e30efc0fecdf498fdb63c5d58e17084fd5f16324c644"
url = "https://github.com/rhysd/actionlint/releases/download/v1.7.12/actionlint_1.7.12_darwin_amd64.tar.gz"
url_api = "https://api.github.com/repos/rhysd/actionlint/releases/assets/384924880"
provenance = "github-attestations"

[tools."github:rhysd/actionlint"."platforms.windows-x64"]
checksum = "sha256:6e7241b51e6817ea6a047693d8e6fed13b31819c9a0dd6c5a726e1592d22f6e9"
url = "https://github.com/rhysd/actionlint/releases/download/v1.7.12/actionlint_1.7.12_windows_amd64.zip"
url_api = "https://api.github.com/repos/rhysd/actionlint/releases/assets/384924919"
provenance = "github-attestations"

[[tools."github:zizmorcore/zizmor"]]
version = "1.23.1"
backend = "github:zizmorcore/zizmor"

[tools."github:zizmorcore/zizmor"."platforms.linux-arm64"]
checksum = "sha256:3725d7cd7102e4d70827186389f7d5930b6878232930d0a3eb058d7e5b47e658"
url = "https://github.com/zizmorcore/zizmor/releases/download/v1.23.1/zizmor-aarch64-unknown-linux-gnu.tar.gz"
url_api = "https://api.github.com/repos/zizmorcore/zizmor/releases/assets/369532190"
provenance = "github-attestations"

[tools."github:zizmorcore/zizmor"."platforms.linux-arm64-musl"]
checksum = "sha256:3725d7cd7102e4d70827186389f7d5930b6878232930d0a3eb058d7e5b47e658"
url = "https://github.com/zizmorcore/zizmor/releases/download/v1.23.1/zizmor-aarch64-unknown-linux-gnu.tar.gz"
url_api = "https://api.github.com/repos/zizmorcore/zizmor/releases/assets/369532190"
provenance = "github-attestations"

[tools."github:zizmorcore/zizmor"."platforms.linux-x64"]
checksum = "sha256:67a8df0a14352dd81882e14876653d097b99b0f4f6b6fe798edc0320cff27aff"
url = "https://github.com/zizmorcore/zizmor/releases/download/v1.23.1/zizmor-x86_64-unknown-linux-gnu.tar.gz"
url_api = "https://api.github.com/repos/zizmorcore/zizmor/releases/assets/369532192"
provenance = "github-attestations"

[tools."github:zizmorcore/zizmor"."platforms.linux-x64-musl"]
checksum = "sha256:67a8df0a14352dd81882e14876653d097b99b0f4f6b6fe798edc0320cff27aff"
url = "https://github.com/zizmorcore/zizmor/releases/download/v1.23.1/zizmor-x86_64-unknown-linux-gnu.tar.gz"
url_api = "https://api.github.com/repos/zizmorcore/zizmor/releases/assets/369532192"
provenance = "github-attestations"

[tools."github:zizmorcore/zizmor"."platforms.macos-arm64"]
checksum = "sha256:2632561b974c69f952258c1ab4b7432d5c7f92e555704155c3ac28a2910bd717"
url = "https://github.com/zizmorcore/zizmor/releases/download/v1.23.1/zizmor-aarch64-apple-darwin.tar.gz"
url_api = "https://api.github.com/repos/zizmorcore/zizmor/releases/assets/369532191"
provenance = "github-attestations"

[tools."github:zizmorcore/zizmor"."platforms.macos-x64"]
checksum = "sha256:89d5ed42081dd9d0433a10b7545fac42b35f1f030885c278b9712b32c66f2597"
url = "https://github.com/zizmorcore/zizmor/releases/download/v1.23.1/zizmor-x86_64-apple-darwin.tar.gz"
url_api = "https://api.github.com/repos/zizmorcore/zizmor/releases/assets/369532186"
provenance = "github-attestations"

[tools."github:zizmorcore/zizmor"."platforms.windows-x64"]
checksum = "sha256:33c2293ff02834720dd7cd8b47348aafb2e95a19bdc993c0ecaca9c804ade92a"
url = "https://github.com/zizmorcore/zizmor/releases/download/v1.23.1/zizmor-x86_64-pc-windows-msvc.zip"
url_api = "https://api.github.com/repos/zizmorcore/zizmor/releases/assets/369532189"
provenance = "github-attestations"

[[tools.go]]
version = "1.26.2"
backend = "core:go"

[tools.go."platforms.linux-arm64"]
checksum = "sha256:c958a1fe1b361391db163a485e21f5f228142d6f8b584f6bef89b26f66dc5b23"
url = "https://dl.google.com/go/go1.26.2.linux-arm64.tar.gz"

[tools.go."platforms.linux-arm64-musl"]
checksum = "sha256:c958a1fe1b361391db163a485e21f5f228142d6f8b584f6bef89b26f66dc5b23"
url = "https://dl.google.com/go/go1.26.2.linux-arm64.tar.gz"

[tools.go."platforms.linux-x64"]
checksum = "sha256:990e6b4bbba816dc3ee129eaeaf4b42f17c2800b88a2166c265ac1a200262282"
url = "https://dl.google.com/go/go1.26.2.linux-amd64.tar.gz"

[tools.go."platforms.linux-x64-musl"]
checksum = "sha256:990e6b4bbba816dc3ee129eaeaf4b42f17c2800b88a2166c265ac1a200262282"
url = "https://dl.google.com/go/go1.26.2.linux-amd64.tar.gz"

[tools.go."platforms.macos-arm64"]
checksum = "sha256:32af1522bf3e3ff3975864780a429cc0b41d190ec7bf90faa661d6d64566e7af"
url = "https://dl.google.com/go/go1.26.2.darwin-arm64.tar.gz"

[tools.go."platforms.macos-x64"]
checksum = "sha256:bc3f1500d9968c36d705442d90ba91addf9271665033748b82532682e90a7966"
url = "https://dl.google.com/go/go1.26.2.darwin-amd64.tar.gz"

[tools.go."platforms.windows-x64"]
checksum = "sha256:98eb3570bade15cb826b0909338df6cc6d2cf590bc39c471142002db3832b708"
url = "https://dl.google.com/go/go1.26.2.windows-amd64.zip"

[[tools.node]]
version = "25.9.0"
backend = "core:node"

[tools.node."platforms.linux-arm64"]
checksum = "sha256:8fb4283301b8c720fc9f18bffff0f659e72cc14d0cf207a3bb411808aaa73a57"
url = "https://nodejs.org/dist/v25.9.0/node-v25.9.0-linux-arm64.tar.gz"

[tools.node."platforms.linux-arm64-musl"]
checksum = "sha256:8fb4283301b8c720fc9f18bffff0f659e72cc14d0cf207a3bb411808aaa73a57"
url = "https://nodejs.org/dist/v25.9.0/node-v25.9.0-linux-arm64.tar.gz"

[tools.node."platforms.linux-x64"]
checksum = "sha256:134e55b2408448a219760fe04dc44d6851f9de8a79549021ffd870e9082d9e7b"
url = "https://nodejs.org/dist/v25.9.0/node-v25.9.0-linux-x64.tar.gz"

[tools.node."platforms.linux-x64-musl"]
checksum = "sha256:134e55b2408448a219760fe04dc44d6851f9de8a79549021ffd870e9082d9e7b"
url = "https://nodejs.org/dist/v25.9.0/node-v25.9.0-linux-x64.tar.gz"

[tools.node."platforms.macos-arm64"]
checksum = "sha256:e479f3c469d3d9303a44f00a8ea37a3788395d171bb8059c48a4bbbd2e371b59"
url = "https://nodejs.org/dist/v25.9.0/node-v25.9.0-darwin-arm64.tar.gz"

[tools.node."platforms.macos-x64"]
checksum = "sha256:7d737b53ce191142bfa1c17cfa5b070d96e84eebf76b8dd06d84981cbdc3f7e3"
url = "https://nodejs.org/dist/v25.9.0/node-v25.9.0-darwin-x64.tar.gz"

[tools.node."platforms.windows-x64"]
checksum = "sha256:929552b8305effac843ba7b4270c437aefb702fc3fbd73fcd1bffd35d4ac284e"
url = "https://nodejs.org/dist/v25.9.0/node-v25.9.0-win-x64.zip"

[[tools."npm:@commitlint/cli"]]
version = "20.5.0"
backend = "npm:@commitlint/cli"

[[tools."npm:@commitlint/config-conventional"]]
version = "20.5.0"
backend = "npm:@commitlint/config-conventional"

[[tools."npm:@taplo/cli"]]
version = "0.7.0"
backend = "npm:@taplo/cli"

[[tools."npm:bats"]]
version = "1.13.0"
backend = "npm:bats"

[[tools."npm:commitizen"]]
version = "4.3.1"
backend = "npm:commitizen"

[[tools."npm:cz-conventional-changelog"]]
version = "3.3.0"
backend = "npm:cz-conventional-changelog"

[[tools."npm:dockerfile-utils"]]
version = "0.16.3"
backend = "npm:dockerfile-utils"

[[tools."npm:eslint"]]
version = "10.2.0"
backend = "npm:eslint"

[[tools."npm:markdownlint-cli2"]]
version = "0.22.0"
backend = "npm:markdownlint-cli2"

[[tools."npm:pnpm"]]
version = "10.33.0"
backend = "npm:pnpm"

[[tools."npm:prettier"]]
version = "3.8.1"
backend = "npm:prettier"

[[tools."npm:sort-package-json"]]
version = "3.6.1"
backend = "npm:sort-package-json"

[[tools."npm:stylelint"]]
version = "17.6.0"
backend = "npm:stylelint"

[[tools."pipx:clang-format"]]
version = "22.1.3"
backend = "pipx:clang-format"

[[tools."pipx:pre-commit"]]
version = "4.5.1"
backend = "pipx:pre-commit"

[[tools.python]]
version = "3.14.3"
backend = "core:python"

[tools.python."platforms.linux-arm64"]
checksum = "sha256:53700338695e402a1a1fe22be4a41fbdacc70e22bb308a48eca8ed67cb7992be"
url = "https://github.com/astral-sh/python-build-standalone/releases/download/20260324/cpython-3.14.3+20260324-aarch64-unknown-linux-gnu-install_only_stripped.tar.gz"
provenance = "github-attestations"

[tools.python."platforms.linux-arm64-musl"]
checksum = "sha256:53700338695e402a1a1fe22be4a41fbdacc70e22bb308a48eca8ed67cb7992be"
url = "https://github.com/astral-sh/python-build-standalone/releases/download/20260324/cpython-3.14.3+20260324-aarch64-unknown-linux-gnu-install_only_stripped.tar.gz"
provenance = "github-attestations"

[tools.python."platforms.linux-x64"]
checksum = "sha256:d7a9f970914bb4c88756fe3bdcc186d4feb90e9500e54f1db47dae4dc9687e39"
url = "https://github.com/astral-sh/python-build-standalone/releases/download/20260324/cpython-3.14.3+20260324-x86_64-unknown-linux-gnu-install_only_stripped.tar.gz"
provenance = "github-attestations"

[tools.python."platforms.linux-x64-musl"]
checksum = "sha256:d7a9f970914bb4c88756fe3bdcc186d4feb90e9500e54f1db47dae4dc9687e39"
url = "https://github.com/astral-sh/python-build-standalone/releases/download/20260324/cpython-3.14.3+20260324-x86_64-unknown-linux-gnu-install_only_stripped.tar.gz"
provenance = "github-attestations"

[tools.python."platforms.macos-arm64"]
checksum = "sha256:c43aecde4a663aebff99b9b83da0efec506479f1c3f98331442f33d2c43501f9"
url = "https://github.com/astral-sh/python-build-standalone/releases/download/20260324/cpython-3.14.3+20260324-aarch64-apple-darwin-install_only_stripped.tar.gz"
provenance = "github-attestations"

[tools.python."platforms.macos-x64"]
checksum = "sha256:9ab41dbc2f100a2a45d1833b9c11165f51051c558b5213eda9a9731d5948a0c0"
url = "https://github.com/astral-sh/python-build-standalone/releases/download/20260324/cpython-3.14.3+20260324-x86_64-apple-darwin-install_only_stripped.tar.gz"
provenance = "github-attestations"

[tools.python."platforms.windows-x64"]
checksum = "sha256:bbe19034b35b0267176a7442575ae7dc6343480fd4d35598cb7700173d431e09"
url = "https://github.com/astral-sh/python-build-standalone/releases/download/20260324/cpython-3.14.3+20260324-x86_64-pc-windows-msvc-install_only_stripped.tar.gz"
provenance = "github-attestations"
